
Microsoft Visual Studio Solution File, Format Version 12.00
# Visual Studio 2013
VisualStudioVersion = 12.0.40629.0
MinimumVisualStudioVersion = 10.0.40219.1
Project("{FAE04EC0-301F-11D3-BF4B-00C04F79EFBC}") = "Styles", "Styles\Styles\Styles.csproj", "{39B7B528-5E14-48B7-91A6-1F2A01C030FA}"
EndProject
Project("{FAE04EC0-301F-11D3-BF4B-00C04F79EFBC}") = "Styles.Droid", "Styles\Styles.Droid\Styles.Droid.csproj", "{321FF254-5A82-4BB4-8117-0269C073C399}"
EndProject
Project("{FAE04EC0-301F-11D3-BF4B-00C04F79EFBC}") = "FrameBug.Droid", "FrameBug\FrameBug.Droid\FrameBug.Droid.csproj", "{061A5C39-B979-486A-9D54-3A2153185F83}"
EndProject
Project("{FAE04EC0-301F-11D3-BF4B-00C04F79EFBC}") = "FrameBug", "FrameBug\FrameBug\FrameBug.csproj", "{A6BE55F1-0B8B-4701-8D1F-7EBAC3EC88E4}"
EndProject
Project("{FAE04EC0-301F-11D3-BF4B-00C04F79EFBC}") = "StylesInheritance.Droid", "StylesInheritance\StylesInheritance.Droid\StylesInheritance.Droid.csproj", "{8AD53190-C39B-4A44-A992-F94BFCA9E7E2}"
EndProject
Project("{FAE04EC0-301F-11D3-BF4B-00C04F79EFBC}") = "StylesInheritance", "StylesInheritance\StylesInheritance\StylesInheritance.csproj", "{50A5E554-DF67-45DD-9865-BFA939C371EB}"
EndProject
Project("{FAE04EC0-301F-11D3-BF4B-00C04F79EFBC}") = "MasterDetail.Droid", "MasterDetail\MasterDetail.Droid\MasterDetail.Droid.csproj", "{78E2A0F9-E907-4EFF-BBA6-C6D60C98A900}"
EndProject
Project("{FAE04EC0-301F-11D3-BF4B-00C04F79EFBC}") = "MasterDetail", "MasterDetail\MasterDetail\MasterDetail.csproj", "{89CCA289-A201-408B-88B5-2676B4DB3639}"
EndProject
Project("{FAE04EC0-301F-11D3-BF4B-00C04F79EFBC}") = "CustomMasterDetail.Droid", "CustomMasterDetail\CustomMasterDetail.Droid\CustomMasterDetail.Droid.csproj", "{C675FCAB-95FB-4C9B-A7A5-C90B613A8FCD}"
EndProject
Project("{D954291E-2A0B-460D-934E-DC6B0785DB48}") = "CustomMasterDetail", "CustomMasterDetail\CustomMasterDetail\CustomMasterDetail.shproj", "{BEA568F6-1D73-4F7C-AAD0-923B4F594D70}"
EndProject
Global
	GlobalSection(SharedMSBuildProjectFiles) = preSolution
		CustomMasterDetail\CustomMasterDetail\CustomMasterDetail.projitems*{c675fcab-95fb-4c9b-a7a5-c90b613a8fcd}*SharedItemsImports = 4
		CustomMasterDetail\CustomMasterDetail\CustomMasterDetail.projitems*{bea568f6-1d73-4f7c-aad0-923b4f594d70}*SharedItemsImports = 13
	EndGlobalSection
	GlobalSection(SolutionConfigurationPlatforms) = preSolution
		Ad-Hoc|Any CPU = Ad-Hoc|Any CPU
		Ad-Hoc|iPhone = Ad-Hoc|iPhone
		Ad-Hoc|iPhoneSimulator = Ad-Hoc|iPhoneSimulator
		AppStore|Any CPU = AppStore|Any CPU
		AppStore|iPhone = AppStore|iPhone
		AppStore|iPhoneSimulator = AppStore|iPhoneSimulator
		Debug|Any CPU = Debug|Any CPU
		Debug|iPhone = Debug|iPhone
		Debug|iPhoneSimulator = Debug|iPhoneSimulator
		Release|Any CPU = Release|Any CPU
		Release|iPhone = Release|iPhone
		Release|iPhoneSimulator = Release|iPhoneSimulator
	EndGlobalSection
	GlobalSection(ProjectConfigurationPlatforms) = postSolution
		{39B7B528-5E14-48B7-91A6-1F2A01C030FA}.Ad-Hoc|Any CPU.ActiveCfg = Release|Any CPU
		{39B7B528-5E14-48B7-91A6-1F2A01C030FA}.Ad-Hoc|Any CPU.Build.0 = Release|Any CPU
		{39B7B528-5E14-48B7-91A6-1F2A01C030FA}.Ad-Hoc|iPhone.ActiveCfg = Release|Any CPU
		{39B7B528-5E14-48B7-91A6-1F2A01C030FA}.Ad-Hoc|iPhone.Build.0 = Release|Any CPU
		{39B7B528-5E14-48B7-91A6-1F2A01C030FA}.Ad-Hoc|iPhoneSimulator.ActiveCfg = Release|Any CPU
		{39B7B528-5E14-48B7-91A6-1F2A01C030FA}.Ad-Hoc|iPhoneSimulator.Build.0 = Release|Any CPU
		{39B7B528-5E14-48B7-91A6-1F2A01C030FA}.AppStore|Any CPU.ActiveCfg = Release|Any CPU
		{39B7B528-5E14-48B7-91A6-1F2A01C030FA}.AppStore|Any CPU.Build.0 = Release|Any CPU
		{39B7B528-5E14-48B7-91A6-1F2A01C030FA}.AppStore|iPhone.ActiveCfg = Release|Any CPU
		{39B7B528-5E14-48B7-91A6-1F2A01C030FA}.AppStore|iPhone.Build.0 = Release|Any CPU
		{39B7B528-5E14-48B7-91A6-1F2A01C030FA}.AppStore|iPhoneSimulator.ActiveCfg = Release|Any CPU
		{39B7B528-5E14-48B7-91A6-1F2A01C030FA}.AppStore|iPhoneSimulator.Build.0 = Release|Any CPU
		{39B7B528-5E14-48B7-91A6-1F2A01C030FA}.Debug|Any CPU.ActiveCfg = Debug|Any CPU
		{39B7B528-5E14-48B7-91A6-1F2A01C030FA}.Debug|Any CPU.Build.0 = Debug|Any CPU
		{39B7B528-5E14-48B7-91A6-1F2A01C030FA}.Debug|iPhone.ActiveCfg = Debug|Any CPU
		{39B7B528-5E14-48B7-91A6-1F2A01C030FA}.Debug|iPhone.Build.0 = Debug|Any CPU
		{39B7B528-5E14-48B7-91A6-1F2A01C030FA}.Debug|iPhoneSimulator.ActiveCfg = Debug|Any CPU
		{39B7B528-5E14-48B7-91A6-1F2A01C030FA}.Debug|iPhoneSimulator.Build.0 = Debug|Any CPU
		{39B7B528-5E14-48B7-91A6-1F2A01C030FA}.Release|Any CPU.ActiveCfg = Release|Any CPU
		{39B7B528-5E14-48B7-91A6-1F2A01C030FA}.Release|Any CPU.Build.0 = Release|Any CPU
		{39B7B528-5E14-48B7-91A6-1F2A01C030FA}.Release|iPhone.ActiveCfg = Release|Any CPU
		{39B7B528-5E14-48B7-91A6-1F2A01C030FA}.Release|iPhone.Build.0 = Release|Any CPU
		{39B7B528-5E14-48B7-91A6-1F2A01C030FA}.Release|iPhoneSimulator.ActiveCfg = Release|Any CPU
		{39B7B528-5E14-48B7-91A6-1F2A01C030FA}.Release|iPhoneSimulator.Build.0 = Release|Any CPU
		{321FF254-5A82-4BB4-8117-0269C073C399}.Ad-Hoc|Any CPU.ActiveCfg = Release|Any CPU
		{321FF254-5A82-4BB4-8117-0269C073C399}.Ad-Hoc|Any CPU.Build.0 = Release|Any CPU
		{321FF254-5A82-4BB4-8117-0269C073C399}.Ad-Hoc|Any CPU.Deploy.0 = Release|Any CPU
		{321FF254-5A82-4BB4-8117-0269C073C399}.Ad-Hoc|iPhone.ActiveCfg = Release|Any CPU
		{321FF254-5A82-4BB4-8117-0269C073C399}.Ad-Hoc|iPhone.Build.0 = Release|Any CPU
		{321FF254-5A82-4BB4-8117-0269C073C399}.Ad-Hoc|iPhone.Deploy.0 = Release|Any CPU
		{321FF254-5A82-4BB4-8117-0269C073C399}.Ad-Hoc|iPhoneSimulator.ActiveCfg = Release|Any CPU
		{321FF254-5A82-4BB4-8117-0269C073C399}.Ad-Hoc|iPhoneSimulator.Build.0 = Release|Any CPU
		{321FF254-5A82-4BB4-8117-0269C073C399}.Ad-Hoc|iPhoneSimulator.Deploy.0 = Release|Any CPU
		{321FF254-5A82-4BB4-8117-0269C073C399}.AppStore|Any CPU.ActiveCfg = Release|Any CPU
		{321FF254-5A82-4BB4-8117-0269C073C399}.AppStore|Any CPU.Build.0 = Release|Any CPU
		{321FF254-5A82-4BB4-8117-0269C073C399}.AppStore|Any CPU.Deploy.0 = Release|Any CPU
		{321FF254-5A82-4BB4-8117-0269C073C399}.AppStore|iPhone.ActiveCfg = Release|Any CPU
		{321FF254-5A82-4BB4-8117-0269C073C399}.AppStore|iPhone.Build.0 = Release|Any CPU
		{321FF254-5A82-4BB4-8117-0269C073C399}.AppStore|iPhone.Deploy.0 = Release|Any CPU
		{321FF254-5A82-4BB4-8117-0269C073C399}.AppStore|iPhoneSimulator.ActiveCfg = Release|Any CPU
		{321FF254-5A82-4BB4-8117-0269C073C399}.AppStore|iPhoneSimulator.Build.0 = Release|Any CPU
		{321FF254-5A82-4BB4-8117-0269C073C399}.AppStore|iPhoneSimulator.Deploy.0 = Release|Any CPU
		{321FF254-5A82-4BB4-8117-0269C073C399}.Debug|Any CPU.ActiveCfg = Debug|Any CPU
		{321FF254-5A82-4BB4-8117-0269C073C399}.Debug|Any CPU.Build.0 = Debug|Any CPU
		{321FF254-5A82-4BB4-8117-0269C073C399}.Debug|Any CPU.Deploy.0 = Debug|Any CPU
		{321FF254-5A82-4BB4-8117-0269C073C399}.Debug|iPhone.ActiveCfg = Debug|Any CPU
		{321FF254-5A82-4BB4-8117-0269C073C399}.Debug|iPhone.Build.0 = Debug|Any CPU
		{321FF254-5A82-4BB4-8117-0269C073C399}.Debug|iPhone.Deploy.0 = Debug|Any CPU
		{321FF254-5A82-4BB4-8117-0269C073C399}.Debug|iPhoneSimulator.ActiveCfg = Debug|Any CPU
		{321FF254-5A82-4BB4-8117-0269C073C399}.Debug|iPhoneSimulator.Build.0 = Debug|Any CPU
		{321FF254-5A82-4BB4-8117-0269C073C399}.Debug|iPhoneSimulator.Deploy.0 = Debug|Any CPU
		{321FF254-5A82-4BB4-8117-0269C073C399}.Release|Any CPU.ActiveCfg = Release|Any CPU
		{321FF254-5A82-4BB4-8117-0269C073C399}.Release|Any CPU.Build.0 = Release|Any CPU
		{321FF254-5A82-4BB4-8117-0269C073C399}.Release|Any CPU.Deploy.0 = Release|Any CPU
		{321FF254-5A82-4BB4-8117-0269C073C399}.Release|iPhone.ActiveCfg = Release|Any CPU
		{321FF254-5A82-4BB4-8117-0269C073C399}.Release|iPhone.Build.0 = Release|Any CPU
		{321FF254-5A82-4BB4-8117-0269C073C399}.Release|iPhone.Deploy.0 = Release|Any CPU
		{321FF254-5A82-4BB4-8117-0269C073C399}.Release|iPhoneSimulator.ActiveCfg = Release|Any CPU
		{321FF254-5A82-4BB4-8117-0269C073C399}.Release|iPhoneSimulator.Build.0 = Release|Any CPU
		{321FF254-5A82-4BB4-8117-0269C073C399}.Release|iPhoneSimulator.Deploy.0 = Release|Any CPU
		{061A5C39-B979-486A-9D54-3A2153185F83}.Ad-Hoc|Any CPU.ActiveCfg = Release|Any CPU
		{061A5C39-B979-486A-9D54-3A2153185F83}.Ad-Hoc|Any CPU.Build.0 = Release|Any CPU
		{061A5C39-B979-486A-9D54-3A2153185F83}.Ad-Hoc|Any CPU.Deploy.0 = Release|Any CPU
		{061A5C39-B979-486A-9D54-3A2153185F83}.Ad-Hoc|iPhone.ActiveCfg = Release|Any CPU
		{061A5C39-B979-486A-9D54-3A2153185F83}.Ad-Hoc|iPhone.Build.0 = Release|Any CPU
		{061A5C39-B979-486A-9D54-3A2153185F83}.Ad-Hoc|iPhone.Deploy.0 = Release|Any CPU
		{061A5C39-B979-486A-9D54-3A2153185F83}.Ad-Hoc|iPhoneSimulator.ActiveCfg = Release|Any CPU
		{061A5C39-B979-486A-9D54-3A2153185F83}.Ad-Hoc|iPhoneSimulator.Build.0 = Release|Any CPU
		{061A5C39-B979-486A-9D54-3A2153185F83}.Ad-Hoc|iPhoneSimulator.Deploy.0 = Release|Any CPU
		{061A5C39-B979-486A-9D54-3A2153185F83}.AppStore|Any CPU.ActiveCfg = Release|Any CPU
		{061A5C39-B979-486A-9D54-3A2153185F83}.AppStore|Any CPU.Build.0 = Release|Any CPU
		{061A5C39-B979-486A-9D54-3A2153185F83}.AppStore|Any CPU.Deploy.0 = Release|Any CPU
		{061A5C39-B979-486A-9D54-3A2153185F83}.AppStore|iPhone.ActiveCfg = Release|Any CPU
		{061A5C39-B979-486A-9D54-3A2153185F83}.AppStore|iPhone.Build.0 = Release|Any CPU
		{061A5C39-B979-486A-9D54-3A2153185F83}.AppStore|iPhone.Deploy.0 = Release|Any CPU
		{061A5C39-B979-486A-9D54-3A2153185F83}.AppStore|iPhoneSimulator.ActiveCfg = Release|Any CPU
		{061A5C39-B979-486A-9D54-3A2153185F83}.AppStore|iPhoneSimulator.Build.0 = Release|Any CPU
		{061A5C39-B979-486A-9D54-3A2153185F83}.AppStore|iPhoneSimulator.Deploy.0 = Release|Any CPU
		{061A5C39-B979-486A-9D54-3A2153185F83}.Debug|Any CPU.ActiveCfg = Debug|Any CPU
		{061A5C39-B979-486A-9D54-3A2153185F83}.Debug|Any CPU.Build.0 = Debug|Any CPU
		{061A5C39-B979-486A-9D54-3A2153185F83}.Debug|Any CPU.Deploy.0 = Debug|Any CPU
		{061A5C39-B979-486A-9D54-3A2153185F83}.Debug|iPhone.ActiveCfg = Debug|Any CPU
		{061A5C39-B979-486A-9D54-3A2153185F83}.Debug|iPhone.Build.0 = Debug|Any CPU
		{061A5C39-B979-486A-9D54-3A2153185F83}.Debug|iPhone.Deploy.0 = Debug|Any CPU
		{061A5C39-B979-486A-9D54-3A2153185F83}.Debug|iPhoneSimulator.ActiveCfg = Debug|Any CPU
		{061A5C39-B979-486A-9D54-3A2153185F83}.Debug|iPhoneSimulator.Build.0 = Debug|Any CPU
		{061A5C39-B979-486A-9D54-3A2153185F83}.Debug|iPhoneSimulator.Deploy.0 = Debug|Any CPU
		{061A5C39-B979-486A-9D54-3A2153185F83}.Release|Any CPU.ActiveCfg = Release|Any CPU
		{061A5C39-B979-486A-9D54-3A2153185F83}.Release|Any CPU.Build.0 = Release|Any CPU
		{061A5C39-B979-486A-9D54-3A2153185F83}.Release|Any CPU.Deploy.0 = Release|Any CPU
		{061A5C39-B979-486A-9D54-3A2153185F83}.Release|iPhone.ActiveCfg = Release|Any CPU
		{061A5C39-B979-486A-9D54-3A2153185F83}.Release|iPhone.Build.0 = Release|Any CPU
		{061A5C39-B979-486A-9D54-3A2153185F83}.Release|iPhone.Deploy.0 = Release|Any CPU
		{061A5C39-B979-486A-9D54-3A2153185F83}.Release|iPhoneSimulator.ActiveCfg = Release|Any CPU
		{061A5C39-B979-486A-9D54-3A2153185F83}.Release|iPhoneSimulator.Build.0 = Release|Any CPU
		{061A5C39-B979-486A-9D54-3A2153185F83}.Release|iPhoneSimulator.Deploy.0 = Release|Any CPU
		{A6BE55F1-0B8B-4701-8D1F-7EBAC3EC88E4}.Ad-Hoc|Any CPU.ActiveCfg = Release|Any CPU
		{A6BE55F1-0B8B-4701-8D1F-7EBAC3EC88E4}.Ad-Hoc|Any CPU.Build.0 = Release|Any CPU
		{A6BE55F1-0B8B-4701-8D1F-7EBAC3EC88E4}.Ad-Hoc|iPhone.ActiveCfg = Release|Any CPU
		{A6BE55F1-0B8B-4701-8D1F-7EBAC3EC88E4}.Ad-Hoc|iPhone.Build.0 = Release|Any CPU
		{A6BE55F1-0B8B-4701-8D1F-7EBAC3EC88E4}.Ad-Hoc|iPhoneSimulator.ActiveCfg = Release|Any CPU
		{A6BE55F1-0B8B-4701-8D1F-7EBAC3EC88E4}.Ad-Hoc|iPhoneSimulator.Build.0 = Release|Any CPU
		{A6BE55F1-0B8B-4701-8D1F-7EBAC3EC88E4}.AppStore|Any CPU.ActiveCfg = Release|Any CPU
		{A6BE55F1-0B8B-4701-8D1F-7EBAC3EC88E4}.AppStore|Any CPU.Build.0 = Release|Any CPU
		{A6BE55F1-0B8B-4701-8D1F-7EBAC3EC88E4}.AppStore|iPhone.ActiveCfg = Release|Any CPU
		{A6BE55F1-0B8B-4701-8D1F-7EBAC3EC88E4}.AppStore|iPhone.Build.0 = Release|Any CPU
		{A6BE55F1-0B8B-4701-8D1F-7EBAC3EC88E4}.AppStore|iPhoneSimulator.ActiveCfg = Release|Any CPU
		{A6BE55F1-0B8B-4701-8D1F-7EBAC3EC88E4}.AppStore|iPhoneSimulator.Build.0 = Release|Any CPU
		{A6BE55F1-0B8B-4701-8D1F-7EBAC3EC88E4}.Debug|Any CPU.ActiveCfg = Debug|Any CPU
		{A6BE55F1-0B8B-4701-8D1F-7EBAC3EC88E4}.Debug|Any CPU.Build.0 = Debug|Any CPU
		{A6BE55F1-0B8B-4701-8D1F-7EBAC3EC88E4}.Debug|iPhone.ActiveCfg = Debug|Any CPU
		{A6BE55F1-0B8B-4701-8D1F-7EBAC3EC88E4}.Debug|iPhone.Build.0 = Debug|Any CPU
		{A6BE55F1-0B8B-4701-8D1F-7EBAC3EC88E4}.Debug|iPhoneSimulator.ActiveCfg = Debug|Any CPU
		{A6BE55F1-0B8B-4701-8D1F-7EBAC3EC88E4}.Debug|iPhoneSimulator.Build.0 = Debug|Any CPU
		{A6BE55F1-0B8B-4701-8D1F-7EBAC3EC88E4}.Release|Any CPU.ActiveCfg = Release|Any CPU
		{A6BE55F1-0B8B-4701-8D1F-7EBAC3EC88E4}.Release|Any CPU.Build.0 = Release|Any CPU
		{A6BE55F1-0B8B-4701-8D1F-7EBAC3EC88E4}.Release|iPhone.ActiveCfg = Release|Any CPU
		{A6BE55F1-0B8B-4701-8D1F-7EBAC3EC88E4}.Release|iPhone.Build.0 = Release|Any CPU
		{A6BE55F1-0B8B-4701-8D1F-7EBAC3EC88E4}.Release|iPhoneSimulator.ActiveCfg = Release|Any CPU
		{A6BE55F1-0B8B-4701-8D1F-7EBAC3EC88E4}.Release|iPhoneSimulator.Build.0 = Release|Any CPU
		{8AD53190-C39B-4A44-A992-F94BFCA9E7E2}.Ad-Hoc|Any CPU.ActiveCfg = Release|Any CPU
		{8AD53190-C39B-4A44-A992-F94BFCA9E7E2}.Ad-Hoc|Any CPU.Build.0 = Release|Any CPU
		{8AD53190-C39B-4A44-A992-F94BFCA9E7E2}.Ad-Hoc|Any CPU.Deploy.0 = Release|Any CPU
		{8AD53190-C39B-4A44-A992-F94BFCA9E7E2}.Ad-Hoc|iPhone.ActiveCfg = Release|Any CPU
		{8AD53190-C39B-4A44-A992-F94BFCA9E7E2}.Ad-Hoc|iPhone.Build.0 = Release|Any CPU
		{8AD53190-C39B-4A44-A992-F94BFCA9E7E2}.Ad-Hoc|iPhone.Deploy.0 = Release|Any CPU
		{8AD53190-C39B-4A44-A992-F94BFCA9E7E2}.Ad-Hoc|iPhoneSimulator.ActiveCfg = Release|Any CPU
		{8AD53190-C39B-4A44-A992-F94BFCA9E7E2}.Ad-Hoc|iPhoneSimulator.Build.0 = Release|Any CPU
		{8AD53190-C39B-4A44-A992-F94BFCA9E7E2}.Ad-Hoc|iPhoneSimulator.Deploy.0 = Release|Any CPU
		{8AD53190-C39B-4A44-A992-F94BFCA9E7E2}.AppStore|Any CPU.ActiveCfg = Release|Any CPU
		{8AD53190-C39B-4A44-A992-F94BFCA9E7E2}.AppStore|Any CPU.Build.0 = Release|Any CPU
		{8AD53190-C39B-4A44-A992-F94BFCA9E7E2}.AppStore|Any CPU.Deploy.0 = Release|Any CPU
		{8AD53190-C39B-4A44-A992-F94BFCA9E7E2}.AppStore|iPhone.ActiveCfg = Release|Any CPU
		{8AD53190-C39B-4A44-A992-F94BFCA9E7E2}.AppStore|iPhone.Build.0 = Release|Any CPU
		{8AD53190-C39B-4A44-A992-F94BFCA9E7E2}.AppStore|iPhone.Deploy.0 = Release|Any CPU
		{8AD53190-C39B-4A44-A992-F94BFCA9E7E2}.AppStore|iPhoneSimulator.ActiveCfg = Release|Any CPU
		{8AD53190-C39B-4A44-A992-F94BFCA9E7E2}.AppStore|iPhoneSimulator.Build.0 = Release|Any CPU
		{8AD53190-C39B-4A44-A992-F94BFCA9E7E2}.AppStore|iPhoneSimulator.Deploy.0 = Release|Any CPU
		{8AD53190-C39B-4A44-A992-F94BFCA9E7E2}.Debug|Any CPU.ActiveCfg = Debug|Any CPU
		{8AD53190-C39B-4A44-A992-F94BFCA9E7E2}.Debug|Any CPU.Build.0 = Debug|Any CPU
		{8AD53190-C39B-4A44-A992-F94BFCA9E7E2}.Debug|Any CPU.Deploy.0 = Debug|Any CPU
		{8AD53190-C39B-4A44-A992-F94BFCA9E7E2}.Debug|iPhone.ActiveCfg = Debug|Any CPU
		{8AD53190-C39B-4A44-A992-F94BFCA9E7E2}.Debug|iPhone.Build.0 = Debug|Any CPU
		{8AD53190-C39B-4A44-A992-F94BFCA9E7E2}.Debug|iPhone.Deploy.0 = Debug|Any CPU
		{8AD53190-C39B-4A44-A992-F94BFCA9E7E2}.Debug|iPhoneSimulator.ActiveCfg = Debug|Any CPU
		{8AD53190-C39B-4A44-A992-F94BFCA9E7E2}.Debug|iPhoneSimulator.Build.0 = Debug|Any CPU
		{8AD53190-C39B-4A44-A992-F94BFCA9E7E2}.Debug|iPhoneSimulator.Deploy.0 = Debug|Any CPU
		{8AD53190-C39B-4A44-A992-F94BFCA9E7E2}.Release|Any CPU.ActiveCfg = Release|Any CPU
		{8AD53190-C39B-4A44-A992-F94BFCA9E7E2}.Release|Any CPU.Build.0 = Release|Any CPU
		{8AD53190-C39B-4A44-A992-F94BFCA9E7E2}.Release|Any CPU.Deploy.0 = Release|Any CPU
		{8AD53190-C39B-4A44-A992-F94BFCA9E7E2}.Release|iPhone.ActiveCfg = Release|Any CPU
		{8AD53190-C39B-4A44-A992-F94BFCA9E7E2}.Release|iPhone.Build.0 = Release|Any CPU
		{8AD53190-C39B-4A44-A992-F94BFCA9E7E2}.Release|iPhone.Deploy.0 = Release|Any CPU
		{8AD53190-C39B-4A44-A992-F94BFCA9E7E2}.Release|iPhoneSimulator.ActiveCfg = Release|Any CPU
		{8AD53190-C39B-4A44-A992-F94BFCA9E7E2}.Release|iPhoneSimulator.Build.0 = Release|Any CPU
		{8AD53190-C39B-4A44-A992-F94BFCA9E7E2}.Release|iPhoneSimulator.Deploy.0 = Release|Any CPU
		{50A5E554-DF67-45DD-9865-BFA939C371EB}.Ad-Hoc|Any CPU.ActiveCfg = Release|Any CPU
		{50A5E554-DF67-45DD-9865-BFA939C371EB}.Ad-Hoc|Any CPU.Build.0 = Release|Any CPU
		{50A5E554-DF67-45DD-9865-BFA939C371EB}.Ad-Hoc|iPhone.ActiveCfg = Release|Any CPU
		{50A5E554-DF67-45DD-9865-BFA939C371EB}.Ad-Hoc|iPhone.Build.0 = Release|Any CPU
		{50A5E554-DF67-45DD-9865-BFA939C371EB}.Ad-Hoc|iPhoneSimulator.ActiveCfg = Release|Any CPU
		{50A5E554-DF67-45DD-9865-BFA939C371EB}.Ad-Hoc|iPhoneSimulator.Build.0 = Release|Any CPU
		{50A5E554-DF67-45DD-9865-BFA939C371EB}.AppStore|Any CPU.ActiveCfg = Release|Any CPU
		{50A5E554-DF67-45DD-9865-BFA939C371EB}.AppStore|Any CPU.Build.0 = Release|Any CPU
		{50A5E554-DF67-45DD-9865-BFA939C371EB}.AppStore|iPhone.ActiveCfg = Release|Any CPU
		{50A5E554-DF67-45DD-9865-BFA939C371EB}.AppStore|iPhone.Build.0 = Release|Any CPU
		{50A5E554-DF67-45DD-9865-BFA939C371EB}.AppStore|iPhoneSimulator.ActiveCfg = Release|Any CPU
		{50A5E554-DF67-45DD-9865-BFA939C371EB}.AppStore|iPhoneSimulator.Build.0 = Release|Any CPU
		{50A5E554-DF67-45DD-9865-BFA939C371EB}.Debug|Any CPU.ActiveCfg = Debug|Any CPU
		{50A5E554-DF67-45DD-9865-BFA939C371EB}.Debug|Any CPU.Build.0 = Debug|Any CPU
		{50A5E554-DF67-45DD-9865-BFA939C371EB}.Debug|iPhone.ActiveCfg = Debug|Any CPU
		{50A5E554-DF67-45DD-9865-BFA939C371EB}.Debug|iPhone.Build.0 = Debug|Any CPU
		{50A5E554-DF67-45DD-9865-BFA939C371EB}.Debug|iPhoneSimulator.ActiveCfg = Debug|Any CPU
		{50A5E554-DF67-45DD-9865-BFA939C371EB}.Debug|iPhoneSimulator.Build.0 = Debug|Any CPU
		{50A5E554-DF67-45DD-9865-BFA939C371EB}.Release|Any CPU.ActiveCfg = Release|Any CPU
		{50A5E554-DF67-45DD-9865-BFA939C371EB}.Release|Any CPU.Build.0 = Release|Any CPU
		{50A5E554-DF67-45DD-9865-BFA939C371EB}.Release|iPhone.ActiveCfg = Release|Any CPU
		{50A5E554-DF67-45DD-9865-BFA939C371EB}.Release|iPhone.Build.0 = Release|Any CPU
		{50A5E554-DF67-45DD-9865-BFA939C371EB}.Release|iPhoneSimulator.ActiveCfg = Release|Any CPU
		{50A5E554-DF67-45DD-9865-BFA939C371EB}.Release|iPhoneSimulator.Build.0 = Release|Any CPU
		{78E2A0F9-E907-4EFF-BBA6-C6D60C98A900}.Ad-Hoc|Any CPU.ActiveCfg = Release|Any CPU
		{78E2A0F9-E907-4EFF-BBA6-C6D60C98A900}.Ad-Hoc|Any CPU.Build.0 = Release|Any CPU
		{78E2A0F9-E907-4EFF-BBA6-C6D60C98A900}.Ad-Hoc|Any CPU.Deploy.0 = Release|Any CPU
		{78E2A0F9-E907-4EFF-BBA6-C6D60C98A900}.Ad-Hoc|iPhone.ActiveCfg = Release|Any CPU
		{78E2A0F9-E907-4EFF-BBA6-C6D60C98A900}.Ad-Hoc|iPhone.Build.0 = Release|Any CPU
		{78E2A0F9-E907-4EFF-BBA6-C6D60C98A900}.Ad-Hoc|iPhone.Deploy.0 = Release|Any CPU
		{78E2A0F9-E907-4EFF-BBA6-C6D60C98A900}.Ad-Hoc|iPhoneSimulator.ActiveCfg = Release|Any CPU
		{78E2A0F9-E907-4EFF-BBA6-C6D60C98A900}.Ad-Hoc|iPhoneSimulator.Build.0 = Release|Any CPU
		{78E2A0F9-E907-4EFF-BBA6-C6D60C98A900}.Ad-Hoc|iPhoneSimulator.Deploy.0 = Release|Any CPU
		{78E2A0F9-E907-4EFF-BBA6-C6D60C98A900}.AppStore|Any CPU.ActiveCfg = Release|Any CPU
		{78E2A0F9-E907-4EFF-BBA6-C6D60C98A900}.AppStore|Any CPU.Build.0 = Release|Any CPU
		{78E2A0F9-E907-4EFF-BBA6-C6D60C98A900}.AppStore|Any CPU.Deploy.0 = Release|Any CPU
		{78E2A0F9-E907-4EFF-BBA6-C6D60C98A900}.AppStore|iPhone.ActiveCfg = Release|Any CPU
		{78E2A0F9-E907-4EFF-BBA6-C6D60C98A900}.AppStore|iPhone.Build.0 = Release|Any CPU
		{78E2A0F9-E907-4EFF-BBA6-C6D60C98A900}.AppStore|iPhone.Deploy.0 = Release|Any CPU
		{78E2A0F9-E907-4EFF-BBA6-C6D60C98A900}.AppStore|iPhoneSimulator.ActiveCfg = Release|Any CPU
		{78E2A0F9-E907-4EFF-BBA6-C6D60C98A900}.AppStore|iPhoneSimulator.Build.0 = Release|Any CPU
		{78E2A0F9-E907-4EFF-BBA6-C6D60C98A900}.AppStore|iPhoneSimulator.Deploy.0 = Release|Any CPU
		{78E2A0F9-E907-4EFF-BBA6-C6D60C98A900}.Debug|Any CPU.ActiveCfg = Debug|Any CPU
		{78E2A0F9-E907-4EFF-BBA6-C6D60C98A900}.Debug|Any CPU.Build.0 = Debug|Any CPU
		{78E2A0F9-E907-4EFF-BBA6-C6D60C98A900}.Debug|Any CPU.Deploy.0 = Debug|Any CPU
		{78E2A0F9-E907-4EFF-BBA6-C6D60C98A900}.Debug|iPhone.ActiveCfg = Debug|Any CPU
		{78E2A0F9-E907-4EFF-BBA6-C6D60C98A900}.Debug|iPhone.Build.0 = Debug|Any CPU
		{78E2A0F9-E907-4EFF-BBA6-C6D60C98A900}.Debug|iPhone.Deploy.0 = Debug|Any CPU
		{78E2A0F9-E907-4EFF-BBA6-C6D60C98A900}.Debug|iPhoneSimulator.ActiveCfg = Debug|Any CPU
		{78E2A0F9-E907-4EFF-BBA6-C6D60C98A900}.Debug|iPhoneSimulator.Build.0 = Debug|Any CPU
		{78E2A0F9-E907-4EFF-BBA6-C6D60C98A900}.Debug|iPhoneSimulator.Deploy.0 = Debug|Any CPU
		{78E2A0F9-E907-4EFF-BBA6-C6D60C98A900}.Release|Any CPU.ActiveCfg = Release|Any CPU
		{78E2A0F9-E907-4EFF-BBA6-C6D60C98A900}.Release|Any CPU.Build.0 = Release|Any CPU
		{78E2A0F9-E907-4EFF-BBA6-C6D60C98A900}.Release|Any CPU.Deploy.0 = Release|Any CPU
		{78E2A0F9-E907-4EFF-BBA6-C6D60C98A900}.Release|iPhone.ActiveCfg = Release|Any CPU
		{78E2A0F9-E907-4EFF-BBA6-C6D60C98A900}.Release|iPhone.Build.0 = Release|Any CPU
		{78E2A0F9-E907-4EFF-BBA6-C6D60C98A900}.Release|iPhone.Deploy.0 = Release|Any CPU
		{78E2A0F9-E907-4EFF-BBA6-C6D60C98A900}.Release|iPhoneSimulator.ActiveCfg = Release|Any CPU
		{78E2A0F9-E907-4EFF-BBA6-C6D60C98A900}.Release|iPhoneSimulator.Build.0 = Release|Any CPU
		{78E2A0F9-E907-4EFF-BBA6-C6D60C98A900}.Release|iPhoneSimulator.Deploy.0 = Release|Any CPU
		{89CCA289-A201-408B-88B5-2676B4DB3639}.Ad-Hoc|Any CPU.ActiveCfg = Release|Any CPU
		{89CCA289-A201-408B-88B5-2676B4DB3639}.Ad-Hoc|Any CPU.Build.0 = Release|Any CPU
		{89CCA289-A201-408B-88B5-2676B4DB3639}.Ad-Hoc|iPhone.ActiveCfg = Release|Any CPU
		{89CCA289-A201-408B-88B5-2676B4DB3639}.Ad-Hoc|iPhone.Build.0 = Release|Any CPU
		{89CCA289-A201-408B-88B5-2676B4DB3639}.Ad-Hoc|iPhoneSimulator.ActiveCfg = Release|Any CPU
		{89CCA289-A201-408B-88B5-2676B4DB3639}.Ad-Hoc|iPhoneSimulator.Build.0 = Release|Any CPU
		{89CCA289-A201-408B-88B5-2676B4DB3639}.AppStore|Any CPU.ActiveCfg = Release|Any CPU
		{89CCA289-A201-408B-88B5-2676B4DB3639}.AppStore|Any CPU.Build.0 = Release|Any CPU
		{89CCA289-A201-408B-88B5-2676B4DB3639}.AppStore|iPhone.ActiveCfg = Release|Any CPU
		{89CCA289-A201-408B-88B5-2676B4DB3639}.AppStore|iPhone.Build.0 = Release|Any CPU
		{89CCA289-A201-408B-88B5-2676B4DB3639}.AppStore|iPhoneSimulator.ActiveCfg = Release|Any CPU
		{89CCA289-A201-408B-88B5-2676B4DB3639}.AppStore|iPhoneSimulator.Build.0 = Release|Any CPU
		{89CCA289-A201-408B-88B5-2676B4DB3639}.Debug|Any CPU.ActiveCfg = Debug|Any CPU
		{89CCA289-A201-408B-88B5-2676B4DB3639}.Debug|Any CPU.Build.0 = Debug|Any CPU
		{89CCA289-A201-408B-88B5-2676B4DB3639}.Debug|iPhone.ActiveCfg = Debug|Any CPU
		{89CCA289-A201-408B-88B5-2676B4DB3639}.Debug|iPhone.Build.0 = Debug|Any CPU
		{89CCA289-A201-408B-88B5-2676B4DB3639}.Debug|iPhoneSimulator.ActiveCfg = Debug|Any CPU
		{89CCA289-A201-408B-88B5-2676B4DB3639}.Debug|iPhoneSimulator.Build.0 = Debug|Any CPU
		{89CCA289-A201-408B-88B5-2676B4DB3639}.Release|Any CPU.ActiveCfg = Release|Any CPU
		{89CCA289-A201-408B-88B5-2676B4DB3639}.Release|Any CPU.Build.0 = Release|Any CPU
		{89CCA289-A201-408B-88B5-2676B4DB3639}.Release|iPhone.ActiveCfg = Release|Any CPU
		{89CCA289-A201-408B-88B5-2676B4DB3639}.Release|iPhone.Build.0 = Release|Any CPU
		{89CCA289-A201-408B-88B5-2676B4DB3639}.Release|iPhoneSimulator.ActiveCfg = Release|Any CPU
		{89CCA289-A201-408B-88B5-2676B4DB3639}.Release|iPhoneSimulator.Build.0 = Release|Any CPU
		{C675FCAB-95FB-4C9B-A7A5-C90B613A8FCD}.Ad-Hoc|Any CPU.ActiveCfg = Release|Any CPU
		{C675FCAB-95FB-4C9B-A7A5-C90B613A8FCD}.Ad-Hoc|Any CPU.Build.0 = Release|Any CPU
		{C675FCAB-95FB-4C9B-A7A5-C90B613A8FCD}.Ad-Hoc|Any CPU.Deploy.0 = Release|Any CPU
		{C675FCAB-95FB-4C9B-A7A5-C90B613A8FCD}.Ad-Hoc|iPhone.ActiveCfg = Release|Any CPU
		{C675FCAB-95FB-4C9B-A7A5-C90B613A8FCD}.Ad-Hoc|iPhone.Build.0 = Release|Any CPU
		{C675FCAB-95FB-4C9B-A7A5-C90B613A8FCD}.Ad-Hoc|iPhone.Deploy.0 = Release|Any CPU
		{C675FCAB-95FB-4C9B-A7A5-C90B613A8FCD}.Ad-Hoc|iPhoneSimulator.ActiveCfg = Release|Any CPU
		{C675FCAB-95FB-4C9B-A7A5-C90B613A8FCD}.Ad-Hoc|iPhoneSimulator.Build.0 = Release|Any CPU
		{C675FCAB-95FB-4C9B-A7A5-C90B613A8FCD}.Ad-Hoc|iPhoneSimulator.Deploy.0 = Release|Any CPU
		{C675FCAB-95FB-4C9B-A7A5-C90B613A8FCD}.AppStore|Any CPU.ActiveCfg = Release|Any CPU
		{C675FCAB-95FB-4C9B-A7A5-C90B613A8FCD}.AppStore|Any CPU.Build.0 = Release|Any CPU
		{C675FCAB-95FB-4C9B-A7A5-C90B613A8FCD}.AppStore|Any CPU.Deploy.0 = Release|Any CPU
		{C675FCAB-95FB-4C9B-A7A5-C90B613A8FCD}.AppStore|iPhone.ActiveCfg = Release|Any CPU
		{C675FCAB-95FB-4C9B-A7A5-C90B613A8FCD}.AppStore|iPhone.Build.0 = Release|Any CPU
		{C675FCAB-95FB-4C9B-A7A5-C90B613A8FCD}.AppStore|iPhone.Deploy.0 = Release|Any CPU
		{C675FCAB-95FB-4C9B-A7A5-C90B613A8FCD}.AppStore|iPhoneSimulator.ActiveCfg = Release|Any CPU
		{C675FCAB-95FB-4C9B-A7A5-C90B613A8FCD}.AppStore|iPhoneSimulator.Build.0 = Release|Any CPU
		{C675FCAB-95FB-4C9B-A7A5-C90B613A8FCD}.AppStore|iPhoneSimulator.Deploy.0 = Release|Any CPU
		{C675FCAB-95FB-4C9B-A7A5-C90B613A8FCD}.Debug|Any CPU.ActiveCfg = Debug|Any CPU
		{C675FCAB-95FB-4C9B-A7A5-C90B613A8FCD}.Debug|Any CPU.Build.0 = Debug|Any CPU
		{C675FCAB-95FB-4C9B-A7A5-C90B613A8FCD}.Debug|Any CPU.Deploy.0 = Debug|Any CPU
		{C675FCAB-95FB-4C9B-A7A5-C90B613A8FCD}.Debug|iPhone.ActiveCfg = Debug|Any CPU
		{C675FCAB-95FB-4C9B-A7A5-C90B613A8FCD}.Debug|iPhone.Build.0 = Debug|Any CPU
		{C675FCAB-95FB-4C9B-A7A5-C90B613A8FCD}.Debug|iPhone.Deploy.0 = Debug|Any CPU
		{C675FCAB-95FB-4C9B-A7A5-C90B613A8FCD}.Debug|iPhoneSimulator.ActiveCfg = Debug|Any CPU
		{C675FCAB-95FB-4C9B-A7A5-C90B613A8FCD}.Debug|iPhoneSimulator.Build.0 = Debug|Any CPU
		{C675FCAB-95FB-4C9B-A7A5-C90B613A8FCD}.Debug|iPhoneSimulator.Deploy.0 = Debug|Any CPU
		{C675FCAB-95FB-4C9B-A7A5-C90B613A8FCD}.Release|Any CPU.ActiveCfg = Release|Any CPU
		{C675FCAB-95FB-4C9B-A7A5-C90B613A8FCD}.Release|Any CPU.Build.0 = Release|Any CPU
		{C675FCAB-95FB-4C9B-A7A5-C90B613A8FCD}.Release|Any CPU.Deploy.0 = Release|Any CPU
		{C675FCAB-95FB-4C9B-A7A5-C90B613A8FCD}.Release|iPhone.ActiveCfg = Release|Any CPU
		{C675FCAB-95FB-4C9B-A7A5-C90B613A8FCD}.Release|iPhone.Build.0 = Release|Any CPU
		{C675FCAB-95FB-4C9B-A7A5-C90B613A8FCD}.Release|iPhone.Deploy.0 = Release|Any CPU
		{C675FCAB-95FB-4C9B-A7A5-C90B613A8FCD}.Release|iPhoneSimulator.ActiveCfg = Release|Any CPU
		{C675FCAB-95FB-4C9B-A7A5-C90B613A8FCD}.Release|iPhoneSimulator.Build.0 = Release|Any CPU
		{C675FCAB-95FB-4C9B-A7A5-C90B613A8FCD}.Release|iPhoneSimulator.Deploy.0 = Release|Any CPU
	EndGlobalSection
	GlobalSection(SolutionProperties) = preSolution
		HideSolutionNode = FALSE
	EndGlobalSection
EndGlobal
