
Microsoft Visual Studio Solution File, Format Version 12.00
# Visual Studio 14
VisualStudioVersion = 14.0.25420.1
MinimumVisualStudioVersion = 10.0.40219.1
Project("{FAE04EC0-301F-11D3-BF4B-00C04F79EFBC}") = "Styles", "Styles\Styles\Styles.csproj", "{39B7B528-5E14-48B7-91A6-1F2A01C030FA}"
EndProject
Project("{FAE04EC0-301F-11D3-BF4B-00C04F79EFBC}") = "Styles.Droid", "Styles\Styles.Droid\Styles.Droid.csproj", "{321FF254-5A82-4BB4-8117-0269C073C399}"
EndProject
Project("{FAE04EC0-301F-11D3-BF4B-00C04F79EFBC}") = "FrameBug.Droid", "FrameBug\FrameBug.Droid\FrameBug.Droid.csproj", "{061A5C39-B979-486A-9D54-3A2153185F83}"
EndProject
Project("{FAE04EC0-301F-11D3-BF4B-00C04F79EFBC}") = "FrameBug", "FrameBug\FrameBug\FrameBug.csproj", "{A6BE55F1-0B8B-4701-8D1F-7EBAC3EC88E4}"
EndProject
Project("{FAE04EC0-301F-11D3-BF4B-00C04F79EFBC}") = "StylesInheritance.Droid", "StylesInheritance\StylesInheritance.Droid\StylesInheritance.Droid.csproj", "{8AD53190-C39B-4A44-A992-F94BFCA9E7E2}"
EndProject
Project("{FAE04EC0-301F-11D3-BF4B-00C04F79EFBC}") = "StylesInheritance", "StylesInheritance\StylesInheritance\StylesInheritance.csproj", "{50A5E554-DF67-45DD-9865-BFA939C371EB}"
EndProject
Project("{FAE04EC0-301F-11D3-BF4B-00C04F79EFBC}") = "MasterDetail.Droid", "MasterDetail\MasterDetail.Droid\MasterDetail.Droid.csproj", "{78E2A0F9-E907-4EFF-BBA6-C6D60C98A900}"
EndProject
Project("{FAE04EC0-301F-11D3-BF4B-00C04F79EFBC}") = "MasterDetail", "MasterDetail\MasterDetail\MasterDetail.csproj", "{89CCA289-A201-408B-88B5-2676B4DB3639}"
EndProject
Project("{FAE04EC0-301F-11D3-BF4B-00C04F79EFBC}") = "CustomMasterDetail.Droid", "CustomMasterDetail\CustomMasterDetail.Droid\CustomMasterDetail.Droid.csproj", "{C675FCAB-95FB-4C9B-A7A5-C90B613A8FCD}"
EndProject
Project("{D954291E-2A0B-460D-934E-DC6B0785DB48}") = "CustomMasterDetail", "CustomMasterDetail\CustomMasterDetail\CustomMasterDetail.shproj", "{BEA568F6-1D73-4F7C-AAD0-923B4F594D70}"
EndProject
Project("{FAE04EC0-301F-11D3-BF4B-00C04F79EFBC}") = "CustomMasterDetailControl", "CustomMasterDetailControl\CustomMasterDetailControl.csproj", "{67F9D3A8-F71E-4428-913F-C37AE82CDB24}"
EndProject
Project("{FAE04EC0-301F-11D3-BF4B-00C04F79EFBC}") = "CustomMasterDetail2.Droid", "CustomMasterDetail2\CustomMasterDetail2.Droid\CustomMasterDetail2.Droid.csproj", "{05113E0E-93D9-4F25-8C04-B803C3C41182}"
EndProject
Project("{D954291E-2A0B-460D-934E-DC6B0785DB48}") = "CustomMasterDetail2", "CustomMasterDetail2\CustomMasterDetail2\CustomMasterDetail2.shproj", "{8225515E-0C41-4CA8-B521-C026C353EF05}"
EndProject
Project("{2150E333-8FDC-42A3-9474-1A3956D46DE8}") = "ViewFactory", "ViewFactory", "{E3E863CF-617F-49C6-914A-8C7851C20825}"
EndProject
Project("{FAE04EC0-301F-11D3-BF4B-00C04F79EFBC}") = "ViewFactorySample.Droid", "ViewFactory\ViewFactorySample.Droid\ViewFactorySample.Droid.csproj", "{4030E69B-8045-4474-9D51-4F112E660458}"
EndProject
Project("{D954291E-2A0B-460D-934E-DC6B0785DB48}") = "ViewFactorySample", "ViewFactory\ViewFactorySample\ViewFactorySample.shproj", "{206FFEC4-760D-4268-8218-CFE81470493E}"
EndProject
Project("{FAE04EC0-301F-11D3-BF4B-00C04F79EFBC}") = "CustomMasterDetailControl", "ViewFactory\CustomMasterDetailControl\CustomMasterDetailControl.csproj", "{DECC51C6-6182-481E-AFCA-544ED833B5BE}"
EndProject
Project("{FAE04EC0-301F-11D3-BF4B-00C04F79EFBC}") = "ExternalAssembly", "ExternalAssembly\ExternalAssembly.csproj", "{E4B2290B-00B7-4DBA-BBB5-E2FCAD69129C}"
EndProject
Project("{FAE04EC0-301F-11D3-BF4B-00C04F79EFBC}") = "ViewFactory", "ViewFactory\ViewFactory\ViewFactory.csproj", "{13116EA1-5DAF-48DF-A10A-D22142AD069B}"
EndProject
Project("{FAE04EC0-301F-11D3-BF4B-00C04F79EFBC}") = "ViewFactory.Android", "ViewFactory\ViewFactory.Android\ViewFactory.Android.csproj", "{141DC1D7-2EB8-42FB-B9D7-79B60F657ACF}"
EndProject
Project("{FAE04EC0-301F-11D3-BF4B-00C04F79EFBC}") = "IoCSample.Droid", "IoCSample\IoCSample\IoCSample.Droid\IoCSample.Droid.csproj", "{63F3AD35-00E9-4579-B61E-2E17FD4EDC8F}"
EndProject
Project("{2150E333-8FDC-42A3-9474-1A3956D46DE8}") = "IoCSample", "IoCSample", "{0F26B60C-A939-4536-96E8-1A1DBE65EA16}"
EndProject
Project("{D954291E-2A0B-460D-934E-DC6B0785DB48}") = "IoCSample", "IoCSample\IoCSample\IoCSample\IoCSample.shproj", "{3B2D011E-E119-4295-B1DE-85BC916F5BE0}"
EndProject
Project("{2150E333-8FDC-42A3-9474-1A3956D46DE8}") = "IoCFinal", "IoCFinal", "{224CD28E-5A85-40DE-87F7-AD83ED76480F}"
EndProject
Project("{D954291E-2A0B-460D-934E-DC6B0785DB48}") = "IoCFinal", "IoCFinal\IoCFinal\IoCFinal.shproj", "{5B1E5A0A-1709-4399-B67B-96F5407B649D}"
EndProject
Project("{FAE04EC0-301F-11D3-BF4B-00C04F79EFBC}") = "IoCFinal.Droid", "IoCFinal\IoCFinal.Droid\IoCFinal.Droid.csproj", "{CA672FA2-9300-47F6-B231-24C524A02C09}"
EndProject
Project("{FAE04EC0-301F-11D3-BF4B-00C04F79EFBC}") = "NavigationFramework", "NavigationFramework\NavigationFramework.csproj", "{F5F2B556-C164-4EE6-A218-F1BD34753D3F}"
EndProject
Global
	GlobalSection(SharedMSBuildProjectFiles) = preSolution
		CustomMasterDetail2\CustomMasterDetail2\CustomMasterDetail2.projitems*{05113e0e-93d9-4f25-8c04-b803c3c41182}*SharedItemsImports = 4
		ViewFactory\ViewFactorySample\ViewFactorySample.projitems*{206ffec4-760d-4268-8218-cfe81470493e}*SharedItemsImports = 13
		IoCSample\IoCSample\IoCSample\IoCSample.projitems*{3b2d011e-e119-4295-b1de-85bc916f5be0}*SharedItemsImports = 13
		ViewFactory\ViewFactorySample\ViewFactorySample.projitems*{4030e69b-8045-4474-9d51-4f112e660458}*SharedItemsImports = 4
		IoCFinal\IoCFinal\IoCFinal.projitems*{5b1e5a0a-1709-4399-b67b-96f5407b649d}*SharedItemsImports = 13
		IoCSample\IoCSample\IoCSample\IoCSample.projitems*{63f3ad35-00e9-4579-b61e-2e17fd4edc8f}*SharedItemsImports = 4
		CustomMasterDetail2\CustomMasterDetail2\CustomMasterDetail2.projitems*{8225515e-0c41-4ca8-b521-c026c353ef05}*SharedItemsImports = 13
		CustomMasterDetail\CustomMasterDetail\CustomMasterDetail.projitems*{bea568f6-1d73-4f7c-aad0-923b4f594d70}*SharedItemsImports = 13
		CustomMasterDetail\CustomMasterDetail\CustomMasterDetail.projitems*{c675fcab-95fb-4c9b-a7a5-c90b613a8fcd}*SharedItemsImports = 4
		IoCFinal\IoCFinal\IoCFinal.projitems*{ca672fa2-9300-47f6-b231-24c524a02c09}*SharedItemsImports = 4
	EndGlobalSection
	GlobalSection(SolutionConfigurationPlatforms) = preSolution
		Ad-Hoc|Any CPU = Ad-Hoc|Any CPU
		Ad-Hoc|ARM = Ad-Hoc|ARM
		Ad-Hoc|iPhone = Ad-Hoc|iPhone
		Ad-Hoc|iPhoneSimulator = Ad-Hoc|iPhoneSimulator
		Ad-Hoc|x64 = Ad-Hoc|x64
		Ad-Hoc|x86 = Ad-Hoc|x86
		AppStore|Any CPU = AppStore|Any CPU
		AppStore|ARM = AppStore|ARM
		AppStore|iPhone = AppStore|iPhone
		AppStore|iPhoneSimulator = AppStore|iPhoneSimulator
		AppStore|x64 = AppStore|x64
		AppStore|x86 = AppStore|x86
		Debug|Any CPU = Debug|Any CPU
		Debug|ARM = Debug|ARM
		Debug|iPhone = Debug|iPhone
		Debug|iPhoneSimulator = Debug|iPhoneSimulator
		Debug|x64 = Debug|x64
		Debug|x86 = Debug|x86
		Release|Any CPU = Release|Any CPU
		Release|ARM = Release|ARM
		Release|iPhone = Release|iPhone
		Release|iPhoneSimulator = Release|iPhoneSimulator
		Release|x64 = Release|x64
		Release|x86 = Release|x86
	EndGlobalSection
	GlobalSection(ProjectConfigurationPlatforms) = postSolution
		{39B7B528-5E14-48B7-91A6-1F2A01C030FA}.Ad-Hoc|Any CPU.ActiveCfg = Release|Any CPU
		{39B7B528-5E14-48B7-91A6-1F2A01C030FA}.Ad-Hoc|Any CPU.Build.0 = Release|Any CPU
		{39B7B528-5E14-48B7-91A6-1F2A01C030FA}.Ad-Hoc|ARM.ActiveCfg = Debug|Any CPU
		{39B7B528-5E14-48B7-91A6-1F2A01C030FA}.Ad-Hoc|iPhone.ActiveCfg = Release|Any CPU
		{39B7B528-5E14-48B7-91A6-1F2A01C030FA}.Ad-Hoc|iPhone.Build.0 = Release|Any CPU
		{39B7B528-5E14-48B7-91A6-1F2A01C030FA}.Ad-Hoc|iPhoneSimulator.ActiveCfg = Release|Any CPU
		{39B7B528-5E14-48B7-91A6-1F2A01C030FA}.Ad-Hoc|iPhoneSimulator.Build.0 = Release|Any CPU
		{39B7B528-5E14-48B7-91A6-1F2A01C030FA}.Ad-Hoc|x64.ActiveCfg = Debug|Any CPU
		{39B7B528-5E14-48B7-91A6-1F2A01C030FA}.Ad-Hoc|x86.ActiveCfg = Debug|Any CPU
		{39B7B528-5E14-48B7-91A6-1F2A01C030FA}.AppStore|Any CPU.ActiveCfg = Release|Any CPU
		{39B7B528-5E14-48B7-91A6-1F2A01C030FA}.AppStore|Any CPU.Build.0 = Release|Any CPU
		{39B7B528-5E14-48B7-91A6-1F2A01C030FA}.AppStore|ARM.ActiveCfg = Debug|Any CPU
		{39B7B528-5E14-48B7-91A6-1F2A01C030FA}.AppStore|iPhone.ActiveCfg = Release|Any CPU
		{39B7B528-5E14-48B7-91A6-1F2A01C030FA}.AppStore|iPhone.Build.0 = Release|Any CPU
		{39B7B528-5E14-48B7-91A6-1F2A01C030FA}.AppStore|iPhoneSimulator.ActiveCfg = Release|Any CPU
		{39B7B528-5E14-48B7-91A6-1F2A01C030FA}.AppStore|iPhoneSimulator.Build.0 = Release|Any CPU
		{39B7B528-5E14-48B7-91A6-1F2A01C030FA}.AppStore|x64.ActiveCfg = Debug|Any CPU
		{39B7B528-5E14-48B7-91A6-1F2A01C030FA}.AppStore|x86.ActiveCfg = Debug|Any CPU
		{39B7B528-5E14-48B7-91A6-1F2A01C030FA}.Debug|Any CPU.ActiveCfg = Debug|Any CPU
		{39B7B528-5E14-48B7-91A6-1F2A01C030FA}.Debug|Any CPU.Build.0 = Debug|Any CPU
		{39B7B528-5E14-48B7-91A6-1F2A01C030FA}.Debug|ARM.ActiveCfg = Debug|Any CPU
		{39B7B528-5E14-48B7-91A6-1F2A01C030FA}.Debug|iPhone.ActiveCfg = Debug|Any CPU
		{39B7B528-5E14-48B7-91A6-1F2A01C030FA}.Debug|iPhone.Build.0 = Debug|Any CPU
		{39B7B528-5E14-48B7-91A6-1F2A01C030FA}.Debug|iPhoneSimulator.ActiveCfg = Debug|Any CPU
		{39B7B528-5E14-48B7-91A6-1F2A01C030FA}.Debug|iPhoneSimulator.Build.0 = Debug|Any CPU
		{39B7B528-5E14-48B7-91A6-1F2A01C030FA}.Debug|x64.ActiveCfg = Debug|Any CPU
		{39B7B528-5E14-48B7-91A6-1F2A01C030FA}.Debug|x86.ActiveCfg = Debug|Any CPU
		{39B7B528-5E14-48B7-91A6-1F2A01C030FA}.Release|Any CPU.ActiveCfg = Release|Any CPU
		{39B7B528-5E14-48B7-91A6-1F2A01C030FA}.Release|Any CPU.Build.0 = Release|Any CPU
		{39B7B528-5E14-48B7-91A6-1F2A01C030FA}.Release|ARM.ActiveCfg = Release|Any CPU
		{39B7B528-5E14-48B7-91A6-1F2A01C030FA}.Release|iPhone.ActiveCfg = Release|Any CPU
		{39B7B528-5E14-48B7-91A6-1F2A01C030FA}.Release|iPhone.Build.0 = Release|Any CPU
		{39B7B528-5E14-48B7-91A6-1F2A01C030FA}.Release|iPhoneSimulator.ActiveCfg = Release|Any CPU
		{39B7B528-5E14-48B7-91A6-1F2A01C030FA}.Release|iPhoneSimulator.Build.0 = Release|Any CPU
		{39B7B528-5E14-48B7-91A6-1F2A01C030FA}.Release|x64.ActiveCfg = Release|Any CPU
		{39B7B528-5E14-48B7-91A6-1F2A01C030FA}.Release|x86.ActiveCfg = Release|Any CPU
		{321FF254-5A82-4BB4-8117-0269C073C399}.Ad-Hoc|Any CPU.ActiveCfg = Release|Any CPU
		{321FF254-5A82-4BB4-8117-0269C073C399}.Ad-Hoc|Any CPU.Build.0 = Release|Any CPU
		{321FF254-5A82-4BB4-8117-0269C073C399}.Ad-Hoc|Any CPU.Deploy.0 = Release|Any CPU
		{321FF254-5A82-4BB4-8117-0269C073C399}.Ad-Hoc|ARM.ActiveCfg = Debug|Any CPU
		{321FF254-5A82-4BB4-8117-0269C073C399}.Ad-Hoc|iPhone.ActiveCfg = Release|Any CPU
		{321FF254-5A82-4BB4-8117-0269C073C399}.Ad-Hoc|iPhone.Build.0 = Release|Any CPU
		{321FF254-5A82-4BB4-8117-0269C073C399}.Ad-Hoc|iPhone.Deploy.0 = Release|Any CPU
		{321FF254-5A82-4BB4-8117-0269C073C399}.Ad-Hoc|iPhoneSimulator.ActiveCfg = Release|Any CPU
		{321FF254-5A82-4BB4-8117-0269C073C399}.Ad-Hoc|iPhoneSimulator.Build.0 = Release|Any CPU
		{321FF254-5A82-4BB4-8117-0269C073C399}.Ad-Hoc|iPhoneSimulator.Deploy.0 = Release|Any CPU
		{321FF254-5A82-4BB4-8117-0269C073C399}.Ad-Hoc|x64.ActiveCfg = Debug|Any CPU
		{321FF254-5A82-4BB4-8117-0269C073C399}.Ad-Hoc|x86.ActiveCfg = Debug|Any CPU
		{321FF254-5A82-4BB4-8117-0269C073C399}.AppStore|Any CPU.ActiveCfg = Release|Any CPU
		{321FF254-5A82-4BB4-8117-0269C073C399}.AppStore|Any CPU.Build.0 = Release|Any CPU
		{321FF254-5A82-4BB4-8117-0269C073C399}.AppStore|Any CPU.Deploy.0 = Release|Any CPU
		{321FF254-5A82-4BB4-8117-0269C073C399}.AppStore|ARM.ActiveCfg = Debug|Any CPU
		{321FF254-5A82-4BB4-8117-0269C073C399}.AppStore|iPhone.ActiveCfg = Release|Any CPU
		{321FF254-5A82-4BB4-8117-0269C073C399}.AppStore|iPhone.Build.0 = Release|Any CPU
		{321FF254-5A82-4BB4-8117-0269C073C399}.AppStore|iPhone.Deploy.0 = Release|Any CPU
		{321FF254-5A82-4BB4-8117-0269C073C399}.AppStore|iPhoneSimulator.ActiveCfg = Release|Any CPU
		{321FF254-5A82-4BB4-8117-0269C073C399}.AppStore|iPhoneSimulator.Build.0 = Release|Any CPU
		{321FF254-5A82-4BB4-8117-0269C073C399}.AppStore|iPhoneSimulator.Deploy.0 = Release|Any CPU
		{321FF254-5A82-4BB4-8117-0269C073C399}.AppStore|x64.ActiveCfg = Debug|Any CPU
		{321FF254-5A82-4BB4-8117-0269C073C399}.AppStore|x86.ActiveCfg = Debug|Any CPU
		{321FF254-5A82-4BB4-8117-0269C073C399}.Debug|Any CPU.ActiveCfg = Debug|Any CPU
		{321FF254-5A82-4BB4-8117-0269C073C399}.Debug|Any CPU.Build.0 = Debug|Any CPU
		{321FF254-5A82-4BB4-8117-0269C073C399}.Debug|Any CPU.Deploy.0 = Debug|Any CPU
		{321FF254-5A82-4BB4-8117-0269C073C399}.Debug|ARM.ActiveCfg = Debug|Any CPU
		{321FF254-5A82-4BB4-8117-0269C073C399}.Debug|iPhone.ActiveCfg = Debug|Any CPU
		{321FF254-5A82-4BB4-8117-0269C073C399}.Debug|iPhone.Build.0 = Debug|Any CPU
		{321FF254-5A82-4BB4-8117-0269C073C399}.Debug|iPhone.Deploy.0 = Debug|Any CPU
		{321FF254-5A82-4BB4-8117-0269C073C399}.Debug|iPhoneSimulator.ActiveCfg = Debug|Any CPU
		{321FF254-5A82-4BB4-8117-0269C073C399}.Debug|iPhoneSimulator.Build.0 = Debug|Any CPU
		{321FF254-5A82-4BB4-8117-0269C073C399}.Debug|iPhoneSimulator.Deploy.0 = Debug|Any CPU
		{321FF254-5A82-4BB4-8117-0269C073C399}.Debug|x64.ActiveCfg = Debug|Any CPU
		{321FF254-5A82-4BB4-8117-0269C073C399}.Debug|x86.ActiveCfg = Debug|Any CPU
		{321FF254-5A82-4BB4-8117-0269C073C399}.Release|Any CPU.ActiveCfg = Release|Any CPU
		{321FF254-5A82-4BB4-8117-0269C073C399}.Release|Any CPU.Build.0 = Release|Any CPU
		{321FF254-5A82-4BB4-8117-0269C073C399}.Release|Any CPU.Deploy.0 = Release|Any CPU
		{321FF254-5A82-4BB4-8117-0269C073C399}.Release|ARM.ActiveCfg = Release|Any CPU
		{321FF254-5A82-4BB4-8117-0269C073C399}.Release|iPhone.ActiveCfg = Release|Any CPU
		{321FF254-5A82-4BB4-8117-0269C073C399}.Release|iPhone.Build.0 = Release|Any CPU
		{321FF254-5A82-4BB4-8117-0269C073C399}.Release|iPhone.Deploy.0 = Release|Any CPU
		{321FF254-5A82-4BB4-8117-0269C073C399}.Release|iPhoneSimulator.ActiveCfg = Release|Any CPU
		{321FF254-5A82-4BB4-8117-0269C073C399}.Release|iPhoneSimulator.Build.0 = Release|Any CPU
		{321FF254-5A82-4BB4-8117-0269C073C399}.Release|iPhoneSimulator.Deploy.0 = Release|Any CPU
		{321FF254-5A82-4BB4-8117-0269C073C399}.Release|x64.ActiveCfg = Release|Any CPU
		{321FF254-5A82-4BB4-8117-0269C073C399}.Release|x86.ActiveCfg = Release|Any CPU
		{061A5C39-B979-486A-9D54-3A2153185F83}.Ad-Hoc|Any CPU.ActiveCfg = Release|Any CPU
		{061A5C39-B979-486A-9D54-3A2153185F83}.Ad-Hoc|Any CPU.Build.0 = Release|Any CPU
		{061A5C39-B979-486A-9D54-3A2153185F83}.Ad-Hoc|Any CPU.Deploy.0 = Release|Any CPU
		{061A5C39-B979-486A-9D54-3A2153185F83}.Ad-Hoc|ARM.ActiveCfg = Debug|Any CPU
		{061A5C39-B979-486A-9D54-3A2153185F83}.Ad-Hoc|iPhone.ActiveCfg = Release|Any CPU
		{061A5C39-B979-486A-9D54-3A2153185F83}.Ad-Hoc|iPhone.Build.0 = Release|Any CPU
		{061A5C39-B979-486A-9D54-3A2153185F83}.Ad-Hoc|iPhone.Deploy.0 = Release|Any CPU
		{061A5C39-B979-486A-9D54-3A2153185F83}.Ad-Hoc|iPhoneSimulator.ActiveCfg = Release|Any CPU
		{061A5C39-B979-486A-9D54-3A2153185F83}.Ad-Hoc|iPhoneSimulator.Build.0 = Release|Any CPU
		{061A5C39-B979-486A-9D54-3A2153185F83}.Ad-Hoc|iPhoneSimulator.Deploy.0 = Release|Any CPU
		{061A5C39-B979-486A-9D54-3A2153185F83}.Ad-Hoc|x64.ActiveCfg = Debug|Any CPU
		{061A5C39-B979-486A-9D54-3A2153185F83}.Ad-Hoc|x86.ActiveCfg = Debug|Any CPU
		{061A5C39-B979-486A-9D54-3A2153185F83}.AppStore|Any CPU.ActiveCfg = Release|Any CPU
		{061A5C39-B979-486A-9D54-3A2153185F83}.AppStore|Any CPU.Build.0 = Release|Any CPU
		{061A5C39-B979-486A-9D54-3A2153185F83}.AppStore|Any CPU.Deploy.0 = Release|Any CPU
		{061A5C39-B979-486A-9D54-3A2153185F83}.AppStore|ARM.ActiveCfg = Debug|Any CPU
		{061A5C39-B979-486A-9D54-3A2153185F83}.AppStore|iPhone.ActiveCfg = Release|Any CPU
		{061A5C39-B979-486A-9D54-3A2153185F83}.AppStore|iPhone.Build.0 = Release|Any CPU
		{061A5C39-B979-486A-9D54-3A2153185F83}.AppStore|iPhone.Deploy.0 = Release|Any CPU
		{061A5C39-B979-486A-9D54-3A2153185F83}.AppStore|iPhoneSimulator.ActiveCfg = Release|Any CPU
		{061A5C39-B979-486A-9D54-3A2153185F83}.AppStore|iPhoneSimulator.Build.0 = Release|Any CPU
		{061A5C39-B979-486A-9D54-3A2153185F83}.AppStore|iPhoneSimulator.Deploy.0 = Release|Any CPU
		{061A5C39-B979-486A-9D54-3A2153185F83}.AppStore|x64.ActiveCfg = Debug|Any CPU
		{061A5C39-B979-486A-9D54-3A2153185F83}.AppStore|x86.ActiveCfg = Debug|Any CPU
		{061A5C39-B979-486A-9D54-3A2153185F83}.Debug|Any CPU.ActiveCfg = Debug|Any CPU
		{061A5C39-B979-486A-9D54-3A2153185F83}.Debug|Any CPU.Build.0 = Debug|Any CPU
		{061A5C39-B979-486A-9D54-3A2153185F83}.Debug|Any CPU.Deploy.0 = Debug|Any CPU
		{061A5C39-B979-486A-9D54-3A2153185F83}.Debug|ARM.ActiveCfg = Debug|Any CPU
		{061A5C39-B979-486A-9D54-3A2153185F83}.Debug|iPhone.ActiveCfg = Debug|Any CPU
		{061A5C39-B979-486A-9D54-3A2153185F83}.Debug|iPhone.Build.0 = Debug|Any CPU
		{061A5C39-B979-486A-9D54-3A2153185F83}.Debug|iPhone.Deploy.0 = Debug|Any CPU
		{061A5C39-B979-486A-9D54-3A2153185F83}.Debug|iPhoneSimulator.ActiveCfg = Debug|Any CPU
		{061A5C39-B979-486A-9D54-3A2153185F83}.Debug|iPhoneSimulator.Build.0 = Debug|Any CPU
		{061A5C39-B979-486A-9D54-3A2153185F83}.Debug|iPhoneSimulator.Deploy.0 = Debug|Any CPU
		{061A5C39-B979-486A-9D54-3A2153185F83}.Debug|x64.ActiveCfg = Debug|Any CPU
		{061A5C39-B979-486A-9D54-3A2153185F83}.Debug|x86.ActiveCfg = Debug|Any CPU
		{061A5C39-B979-486A-9D54-3A2153185F83}.Release|Any CPU.ActiveCfg = Release|Any CPU
		{061A5C39-B979-486A-9D54-3A2153185F83}.Release|Any CPU.Build.0 = Release|Any CPU
		{061A5C39-B979-486A-9D54-3A2153185F83}.Release|Any CPU.Deploy.0 = Release|Any CPU
		{061A5C39-B979-486A-9D54-3A2153185F83}.Release|ARM.ActiveCfg = Release|Any CPU
		{061A5C39-B979-486A-9D54-3A2153185F83}.Release|iPhone.ActiveCfg = Release|Any CPU
		{061A5C39-B979-486A-9D54-3A2153185F83}.Release|iPhone.Build.0 = Release|Any CPU
		{061A5C39-B979-486A-9D54-3A2153185F83}.Release|iPhone.Deploy.0 = Release|Any CPU
		{061A5C39-B979-486A-9D54-3A2153185F83}.Release|iPhoneSimulator.ActiveCfg = Release|Any CPU
		{061A5C39-B979-486A-9D54-3A2153185F83}.Release|iPhoneSimulator.Build.0 = Release|Any CPU
		{061A5C39-B979-486A-9D54-3A2153185F83}.Release|iPhoneSimulator.Deploy.0 = Release|Any CPU
		{061A5C39-B979-486A-9D54-3A2153185F83}.Release|x64.ActiveCfg = Release|Any CPU
		{061A5C39-B979-486A-9D54-3A2153185F83}.Release|x86.ActiveCfg = Release|Any CPU
		{A6BE55F1-0B8B-4701-8D1F-7EBAC3EC88E4}.Ad-Hoc|Any CPU.ActiveCfg = Release|Any CPU
		{A6BE55F1-0B8B-4701-8D1F-7EBAC3EC88E4}.Ad-Hoc|Any CPU.Build.0 = Release|Any CPU
		{A6BE55F1-0B8B-4701-8D1F-7EBAC3EC88E4}.Ad-Hoc|ARM.ActiveCfg = Debug|Any CPU
		{A6BE55F1-0B8B-4701-8D1F-7EBAC3EC88E4}.Ad-Hoc|iPhone.ActiveCfg = Release|Any CPU
		{A6BE55F1-0B8B-4701-8D1F-7EBAC3EC88E4}.Ad-Hoc|iPhone.Build.0 = Release|Any CPU
		{A6BE55F1-0B8B-4701-8D1F-7EBAC3EC88E4}.Ad-Hoc|iPhoneSimulator.ActiveCfg = Release|Any CPU
		{A6BE55F1-0B8B-4701-8D1F-7EBAC3EC88E4}.Ad-Hoc|iPhoneSimulator.Build.0 = Release|Any CPU
		{A6BE55F1-0B8B-4701-8D1F-7EBAC3EC88E4}.Ad-Hoc|x64.ActiveCfg = Debug|Any CPU
		{A6BE55F1-0B8B-4701-8D1F-7EBAC3EC88E4}.Ad-Hoc|x86.ActiveCfg = Debug|Any CPU
		{A6BE55F1-0B8B-4701-8D1F-7EBAC3EC88E4}.AppStore|Any CPU.ActiveCfg = Release|Any CPU
		{A6BE55F1-0B8B-4701-8D1F-7EBAC3EC88E4}.AppStore|Any CPU.Build.0 = Release|Any CPU
		{A6BE55F1-0B8B-4701-8D1F-7EBAC3EC88E4}.AppStore|ARM.ActiveCfg = Debug|Any CPU
		{A6BE55F1-0B8B-4701-8D1F-7EBAC3EC88E4}.AppStore|iPhone.ActiveCfg = Release|Any CPU
		{A6BE55F1-0B8B-4701-8D1F-7EBAC3EC88E4}.AppStore|iPhone.Build.0 = Release|Any CPU
		{A6BE55F1-0B8B-4701-8D1F-7EBAC3EC88E4}.AppStore|iPhoneSimulator.ActiveCfg = Release|Any CPU
		{A6BE55F1-0B8B-4701-8D1F-7EBAC3EC88E4}.AppStore|iPhoneSimulator.Build.0 = Release|Any CPU
		{A6BE55F1-0B8B-4701-8D1F-7EBAC3EC88E4}.AppStore|x64.ActiveCfg = Debug|Any CPU
		{A6BE55F1-0B8B-4701-8D1F-7EBAC3EC88E4}.AppStore|x86.ActiveCfg = Debug|Any CPU
		{A6BE55F1-0B8B-4701-8D1F-7EBAC3EC88E4}.Debug|Any CPU.ActiveCfg = Debug|Any CPU
		{A6BE55F1-0B8B-4701-8D1F-7EBAC3EC88E4}.Debug|Any CPU.Build.0 = Debug|Any CPU
		{A6BE55F1-0B8B-4701-8D1F-7EBAC3EC88E4}.Debug|ARM.ActiveCfg = Debug|Any CPU
		{A6BE55F1-0B8B-4701-8D1F-7EBAC3EC88E4}.Debug|iPhone.ActiveCfg = Debug|Any CPU
		{A6BE55F1-0B8B-4701-8D1F-7EBAC3EC88E4}.Debug|iPhone.Build.0 = Debug|Any CPU
		{A6BE55F1-0B8B-4701-8D1F-7EBAC3EC88E4}.Debug|iPhoneSimulator.ActiveCfg = Debug|Any CPU
		{A6BE55F1-0B8B-4701-8D1F-7EBAC3EC88E4}.Debug|iPhoneSimulator.Build.0 = Debug|Any CPU
		{A6BE55F1-0B8B-4701-8D1F-7EBAC3EC88E4}.Debug|x64.ActiveCfg = Debug|Any CPU
		{A6BE55F1-0B8B-4701-8D1F-7EBAC3EC88E4}.Debug|x86.ActiveCfg = Debug|Any CPU
		{A6BE55F1-0B8B-4701-8D1F-7EBAC3EC88E4}.Release|Any CPU.ActiveCfg = Release|Any CPU
		{A6BE55F1-0B8B-4701-8D1F-7EBAC3EC88E4}.Release|Any CPU.Build.0 = Release|Any CPU
		{A6BE55F1-0B8B-4701-8D1F-7EBAC3EC88E4}.Release|ARM.ActiveCfg = Release|Any CPU
		{A6BE55F1-0B8B-4701-8D1F-7EBAC3EC88E4}.Release|iPhone.ActiveCfg = Release|Any CPU
		{A6BE55F1-0B8B-4701-8D1F-7EBAC3EC88E4}.Release|iPhone.Build.0 = Release|Any CPU
		{A6BE55F1-0B8B-4701-8D1F-7EBAC3EC88E4}.Release|iPhoneSimulator.ActiveCfg = Release|Any CPU
		{A6BE55F1-0B8B-4701-8D1F-7EBAC3EC88E4}.Release|iPhoneSimulator.Build.0 = Release|Any CPU
		{A6BE55F1-0B8B-4701-8D1F-7EBAC3EC88E4}.Release|x64.ActiveCfg = Release|Any CPU
		{A6BE55F1-0B8B-4701-8D1F-7EBAC3EC88E4}.Release|x86.ActiveCfg = Release|Any CPU
		{8AD53190-C39B-4A44-A992-F94BFCA9E7E2}.Ad-Hoc|Any CPU.ActiveCfg = Release|Any CPU
		{8AD53190-C39B-4A44-A992-F94BFCA9E7E2}.Ad-Hoc|Any CPU.Build.0 = Release|Any CPU
		{8AD53190-C39B-4A44-A992-F94BFCA9E7E2}.Ad-Hoc|Any CPU.Deploy.0 = Release|Any CPU
		{8AD53190-C39B-4A44-A992-F94BFCA9E7E2}.Ad-Hoc|ARM.ActiveCfg = Debug|Any CPU
		{8AD53190-C39B-4A44-A992-F94BFCA9E7E2}.Ad-Hoc|iPhone.ActiveCfg = Release|Any CPU
		{8AD53190-C39B-4A44-A992-F94BFCA9E7E2}.Ad-Hoc|iPhone.Build.0 = Release|Any CPU
		{8AD53190-C39B-4A44-A992-F94BFCA9E7E2}.Ad-Hoc|iPhone.Deploy.0 = Release|Any CPU
		{8AD53190-C39B-4A44-A992-F94BFCA9E7E2}.Ad-Hoc|iPhoneSimulator.ActiveCfg = Release|Any CPU
		{8AD53190-C39B-4A44-A992-F94BFCA9E7E2}.Ad-Hoc|iPhoneSimulator.Build.0 = Release|Any CPU
		{8AD53190-C39B-4A44-A992-F94BFCA9E7E2}.Ad-Hoc|iPhoneSimulator.Deploy.0 = Release|Any CPU
		{8AD53190-C39B-4A44-A992-F94BFCA9E7E2}.Ad-Hoc|x64.ActiveCfg = Debug|Any CPU
		{8AD53190-C39B-4A44-A992-F94BFCA9E7E2}.Ad-Hoc|x86.ActiveCfg = Debug|Any CPU
		{8AD53190-C39B-4A44-A992-F94BFCA9E7E2}.AppStore|Any CPU.ActiveCfg = Release|Any CPU
		{8AD53190-C39B-4A44-A992-F94BFCA9E7E2}.AppStore|Any CPU.Build.0 = Release|Any CPU
		{8AD53190-C39B-4A44-A992-F94BFCA9E7E2}.AppStore|Any CPU.Deploy.0 = Release|Any CPU
		{8AD53190-C39B-4A44-A992-F94BFCA9E7E2}.AppStore|ARM.ActiveCfg = Debug|Any CPU
		{8AD53190-C39B-4A44-A992-F94BFCA9E7E2}.AppStore|iPhone.ActiveCfg = Release|Any CPU
		{8AD53190-C39B-4A44-A992-F94BFCA9E7E2}.AppStore|iPhone.Build.0 = Release|Any CPU
		{8AD53190-C39B-4A44-A992-F94BFCA9E7E2}.AppStore|iPhone.Deploy.0 = Release|Any CPU
		{8AD53190-C39B-4A44-A992-F94BFCA9E7E2}.AppStore|iPhoneSimulator.ActiveCfg = Release|Any CPU
		{8AD53190-C39B-4A44-A992-F94BFCA9E7E2}.AppStore|iPhoneSimulator.Build.0 = Release|Any CPU
		{8AD53190-C39B-4A44-A992-F94BFCA9E7E2}.AppStore|iPhoneSimulator.Deploy.0 = Release|Any CPU
		{8AD53190-C39B-4A44-A992-F94BFCA9E7E2}.AppStore|x64.ActiveCfg = Debug|Any CPU
		{8AD53190-C39B-4A44-A992-F94BFCA9E7E2}.AppStore|x86.ActiveCfg = Debug|Any CPU
		{8AD53190-C39B-4A44-A992-F94BFCA9E7E2}.Debug|Any CPU.ActiveCfg = Debug|Any CPU
		{8AD53190-C39B-4A44-A992-F94BFCA9E7E2}.Debug|Any CPU.Build.0 = Debug|Any CPU
		{8AD53190-C39B-4A44-A992-F94BFCA9E7E2}.Debug|Any CPU.Deploy.0 = Debug|Any CPU
		{8AD53190-C39B-4A44-A992-F94BFCA9E7E2}.Debug|ARM.ActiveCfg = Debug|Any CPU
		{8AD53190-C39B-4A44-A992-F94BFCA9E7E2}.Debug|iPhone.ActiveCfg = Debug|Any CPU
		{8AD53190-C39B-4A44-A992-F94BFCA9E7E2}.Debug|iPhone.Build.0 = Debug|Any CPU
		{8AD53190-C39B-4A44-A992-F94BFCA9E7E2}.Debug|iPhone.Deploy.0 = Debug|Any CPU
		{8AD53190-C39B-4A44-A992-F94BFCA9E7E2}.Debug|iPhoneSimulator.ActiveCfg = Debug|Any CPU
		{8AD53190-C39B-4A44-A992-F94BFCA9E7E2}.Debug|iPhoneSimulator.Build.0 = Debug|Any CPU
		{8AD53190-C39B-4A44-A992-F94BFCA9E7E2}.Debug|iPhoneSimulator.Deploy.0 = Debug|Any CPU
		{8AD53190-C39B-4A44-A992-F94BFCA9E7E2}.Debug|x64.ActiveCfg = Debug|Any CPU
		{8AD53190-C39B-4A44-A992-F94BFCA9E7E2}.Debug|x86.ActiveCfg = Debug|Any CPU
		{8AD53190-C39B-4A44-A992-F94BFCA9E7E2}.Release|Any CPU.ActiveCfg = Release|Any CPU
		{8AD53190-C39B-4A44-A992-F94BFCA9E7E2}.Release|Any CPU.Build.0 = Release|Any CPU
		{8AD53190-C39B-4A44-A992-F94BFCA9E7E2}.Release|Any CPU.Deploy.0 = Release|Any CPU
		{8AD53190-C39B-4A44-A992-F94BFCA9E7E2}.Release|ARM.ActiveCfg = Release|Any CPU
		{8AD53190-C39B-4A44-A992-F94BFCA9E7E2}.Release|iPhone.ActiveCfg = Release|Any CPU
		{8AD53190-C39B-4A44-A992-F94BFCA9E7E2}.Release|iPhone.Build.0 = Release|Any CPU
		{8AD53190-C39B-4A44-A992-F94BFCA9E7E2}.Release|iPhone.Deploy.0 = Release|Any CPU
		{8AD53190-C39B-4A44-A992-F94BFCA9E7E2}.Release|iPhoneSimulator.ActiveCfg = Release|Any CPU
		{8AD53190-C39B-4A44-A992-F94BFCA9E7E2}.Release|iPhoneSimulator.Build.0 = Release|Any CPU
		{8AD53190-C39B-4A44-A992-F94BFCA9E7E2}.Release|iPhoneSimulator.Deploy.0 = Release|Any CPU
		{8AD53190-C39B-4A44-A992-F94BFCA9E7E2}.Release|x64.ActiveCfg = Release|Any CPU
		{8AD53190-C39B-4A44-A992-F94BFCA9E7E2}.Release|x86.ActiveCfg = Release|Any CPU
		{50A5E554-DF67-45DD-9865-BFA939C371EB}.Ad-Hoc|Any CPU.ActiveCfg = Release|Any CPU
		{50A5E554-DF67-45DD-9865-BFA939C371EB}.Ad-Hoc|Any CPU.Build.0 = Release|Any CPU
		{50A5E554-DF67-45DD-9865-BFA939C371EB}.Ad-Hoc|ARM.ActiveCfg = Debug|Any CPU
		{50A5E554-DF67-45DD-9865-BFA939C371EB}.Ad-Hoc|iPhone.ActiveCfg = Release|Any CPU
		{50A5E554-DF67-45DD-9865-BFA939C371EB}.Ad-Hoc|iPhone.Build.0 = Release|Any CPU
		{50A5E554-DF67-45DD-9865-BFA939C371EB}.Ad-Hoc|iPhoneSimulator.ActiveCfg = Release|Any CPU
		{50A5E554-DF67-45DD-9865-BFA939C371EB}.Ad-Hoc|iPhoneSimulator.Build.0 = Release|Any CPU
		{50A5E554-DF67-45DD-9865-BFA939C371EB}.Ad-Hoc|x64.ActiveCfg = Debug|Any CPU
		{50A5E554-DF67-45DD-9865-BFA939C371EB}.Ad-Hoc|x86.ActiveCfg = Debug|Any CPU
		{50A5E554-DF67-45DD-9865-BFA939C371EB}.AppStore|Any CPU.ActiveCfg = Release|Any CPU
		{50A5E554-DF67-45DD-9865-BFA939C371EB}.AppStore|Any CPU.Build.0 = Release|Any CPU
		{50A5E554-DF67-45DD-9865-BFA939C371EB}.AppStore|ARM.ActiveCfg = Debug|Any CPU
		{50A5E554-DF67-45DD-9865-BFA939C371EB}.AppStore|iPhone.ActiveCfg = Release|Any CPU
		{50A5E554-DF67-45DD-9865-BFA939C371EB}.AppStore|iPhone.Build.0 = Release|Any CPU
		{50A5E554-DF67-45DD-9865-BFA939C371EB}.AppStore|iPhoneSimulator.ActiveCfg = Release|Any CPU
		{50A5E554-DF67-45DD-9865-BFA939C371EB}.AppStore|iPhoneSimulator.Build.0 = Release|Any CPU
		{50A5E554-DF67-45DD-9865-BFA939C371EB}.AppStore|x64.ActiveCfg = Debug|Any CPU
		{50A5E554-DF67-45DD-9865-BFA939C371EB}.AppStore|x86.ActiveCfg = Debug|Any CPU
		{50A5E554-DF67-45DD-9865-BFA939C371EB}.Debug|Any CPU.ActiveCfg = Debug|Any CPU
		{50A5E554-DF67-45DD-9865-BFA939C371EB}.Debug|Any CPU.Build.0 = Debug|Any CPU
		{50A5E554-DF67-45DD-9865-BFA939C371EB}.Debug|ARM.ActiveCfg = Debug|Any CPU
		{50A5E554-DF67-45DD-9865-BFA939C371EB}.Debug|iPhone.ActiveCfg = Debug|Any CPU
		{50A5E554-DF67-45DD-9865-BFA939C371EB}.Debug|iPhone.Build.0 = Debug|Any CPU
		{50A5E554-DF67-45DD-9865-BFA939C371EB}.Debug|iPhoneSimulator.ActiveCfg = Debug|Any CPU
		{50A5E554-DF67-45DD-9865-BFA939C371EB}.Debug|iPhoneSimulator.Build.0 = Debug|Any CPU
		{50A5E554-DF67-45DD-9865-BFA939C371EB}.Debug|x64.ActiveCfg = Debug|Any CPU
		{50A5E554-DF67-45DD-9865-BFA939C371EB}.Debug|x86.ActiveCfg = Debug|Any CPU
		{50A5E554-DF67-45DD-9865-BFA939C371EB}.Release|Any CPU.ActiveCfg = Release|Any CPU
		{50A5E554-DF67-45DD-9865-BFA939C371EB}.Release|Any CPU.Build.0 = Release|Any CPU
		{50A5E554-DF67-45DD-9865-BFA939C371EB}.Release|ARM.ActiveCfg = Release|Any CPU
		{50A5E554-DF67-45DD-9865-BFA939C371EB}.Release|iPhone.ActiveCfg = Release|Any CPU
		{50A5E554-DF67-45DD-9865-BFA939C371EB}.Release|iPhone.Build.0 = Release|Any CPU
		{50A5E554-DF67-45DD-9865-BFA939C371EB}.Release|iPhoneSimulator.ActiveCfg = Release|Any CPU
		{50A5E554-DF67-45DD-9865-BFA939C371EB}.Release|iPhoneSimulator.Build.0 = Release|Any CPU
		{50A5E554-DF67-45DD-9865-BFA939C371EB}.Release|x64.ActiveCfg = Release|Any CPU
		{50A5E554-DF67-45DD-9865-BFA939C371EB}.Release|x86.ActiveCfg = Release|Any CPU
		{78E2A0F9-E907-4EFF-BBA6-C6D60C98A900}.Ad-Hoc|Any CPU.ActiveCfg = Release|Any CPU
		{78E2A0F9-E907-4EFF-BBA6-C6D60C98A900}.Ad-Hoc|Any CPU.Build.0 = Release|Any CPU
		{78E2A0F9-E907-4EFF-BBA6-C6D60C98A900}.Ad-Hoc|Any CPU.Deploy.0 = Release|Any CPU
		{78E2A0F9-E907-4EFF-BBA6-C6D60C98A900}.Ad-Hoc|ARM.ActiveCfg = Debug|Any CPU
		{78E2A0F9-E907-4EFF-BBA6-C6D60C98A900}.Ad-Hoc|iPhone.ActiveCfg = Release|Any CPU
		{78E2A0F9-E907-4EFF-BBA6-C6D60C98A900}.Ad-Hoc|iPhone.Build.0 = Release|Any CPU
		{78E2A0F9-E907-4EFF-BBA6-C6D60C98A900}.Ad-Hoc|iPhone.Deploy.0 = Release|Any CPU
		{78E2A0F9-E907-4EFF-BBA6-C6D60C98A900}.Ad-Hoc|iPhoneSimulator.ActiveCfg = Release|Any CPU
		{78E2A0F9-E907-4EFF-BBA6-C6D60C98A900}.Ad-Hoc|iPhoneSimulator.Build.0 = Release|Any CPU
		{78E2A0F9-E907-4EFF-BBA6-C6D60C98A900}.Ad-Hoc|iPhoneSimulator.Deploy.0 = Release|Any CPU
		{78E2A0F9-E907-4EFF-BBA6-C6D60C98A900}.Ad-Hoc|x64.ActiveCfg = Debug|Any CPU
		{78E2A0F9-E907-4EFF-BBA6-C6D60C98A900}.Ad-Hoc|x86.ActiveCfg = Debug|Any CPU
		{78E2A0F9-E907-4EFF-BBA6-C6D60C98A900}.AppStore|Any CPU.ActiveCfg = Release|Any CPU
		{78E2A0F9-E907-4EFF-BBA6-C6D60C98A900}.AppStore|Any CPU.Build.0 = Release|Any CPU
		{78E2A0F9-E907-4EFF-BBA6-C6D60C98A900}.AppStore|Any CPU.Deploy.0 = Release|Any CPU
		{78E2A0F9-E907-4EFF-BBA6-C6D60C98A900}.AppStore|ARM.ActiveCfg = Debug|Any CPU
		{78E2A0F9-E907-4EFF-BBA6-C6D60C98A900}.AppStore|iPhone.ActiveCfg = Release|Any CPU
		{78E2A0F9-E907-4EFF-BBA6-C6D60C98A900}.AppStore|iPhone.Build.0 = Release|Any CPU
		{78E2A0F9-E907-4EFF-BBA6-C6D60C98A900}.AppStore|iPhone.Deploy.0 = Release|Any CPU
		{78E2A0F9-E907-4EFF-BBA6-C6D60C98A900}.AppStore|iPhoneSimulator.ActiveCfg = Release|Any CPU
		{78E2A0F9-E907-4EFF-BBA6-C6D60C98A900}.AppStore|iPhoneSimulator.Build.0 = Release|Any CPU
		{78E2A0F9-E907-4EFF-BBA6-C6D60C98A900}.AppStore|iPhoneSimulator.Deploy.0 = Release|Any CPU
		{78E2A0F9-E907-4EFF-BBA6-C6D60C98A900}.AppStore|x64.ActiveCfg = Debug|Any CPU
		{78E2A0F9-E907-4EFF-BBA6-C6D60C98A900}.AppStore|x86.ActiveCfg = Debug|Any CPU
		{78E2A0F9-E907-4EFF-BBA6-C6D60C98A900}.Debug|Any CPU.ActiveCfg = Debug|Any CPU
		{78E2A0F9-E907-4EFF-BBA6-C6D60C98A900}.Debug|Any CPU.Build.0 = Debug|Any CPU
		{78E2A0F9-E907-4EFF-BBA6-C6D60C98A900}.Debug|Any CPU.Deploy.0 = Debug|Any CPU
		{78E2A0F9-E907-4EFF-BBA6-C6D60C98A900}.Debug|ARM.ActiveCfg = Debug|Any CPU
		{78E2A0F9-E907-4EFF-BBA6-C6D60C98A900}.Debug|iPhone.ActiveCfg = Debug|Any CPU
		{78E2A0F9-E907-4EFF-BBA6-C6D60C98A900}.Debug|iPhone.Build.0 = Debug|Any CPU
		{78E2A0F9-E907-4EFF-BBA6-C6D60C98A900}.Debug|iPhone.Deploy.0 = Debug|Any CPU
		{78E2A0F9-E907-4EFF-BBA6-C6D60C98A900}.Debug|iPhoneSimulator.ActiveCfg = Debug|Any CPU
		{78E2A0F9-E907-4EFF-BBA6-C6D60C98A900}.Debug|iPhoneSimulator.Build.0 = Debug|Any CPU
		{78E2A0F9-E907-4EFF-BBA6-C6D60C98A900}.Debug|iPhoneSimulator.Deploy.0 = Debug|Any CPU
		{78E2A0F9-E907-4EFF-BBA6-C6D60C98A900}.Debug|x64.ActiveCfg = Debug|Any CPU
		{78E2A0F9-E907-4EFF-BBA6-C6D60C98A900}.Debug|x86.ActiveCfg = Debug|Any CPU
		{78E2A0F9-E907-4EFF-BBA6-C6D60C98A900}.Release|Any CPU.ActiveCfg = Release|Any CPU
		{78E2A0F9-E907-4EFF-BBA6-C6D60C98A900}.Release|Any CPU.Build.0 = Release|Any CPU
		{78E2A0F9-E907-4EFF-BBA6-C6D60C98A900}.Release|Any CPU.Deploy.0 = Release|Any CPU
		{78E2A0F9-E907-4EFF-BBA6-C6D60C98A900}.Release|ARM.ActiveCfg = Release|Any CPU
		{78E2A0F9-E907-4EFF-BBA6-C6D60C98A900}.Release|iPhone.ActiveCfg = Release|Any CPU
		{78E2A0F9-E907-4EFF-BBA6-C6D60C98A900}.Release|iPhone.Build.0 = Release|Any CPU
		{78E2A0F9-E907-4EFF-BBA6-C6D60C98A900}.Release|iPhone.Deploy.0 = Release|Any CPU
		{78E2A0F9-E907-4EFF-BBA6-C6D60C98A900}.Release|iPhoneSimulator.ActiveCfg = Release|Any CPU
		{78E2A0F9-E907-4EFF-BBA6-C6D60C98A900}.Release|iPhoneSimulator.Build.0 = Release|Any CPU
		{78E2A0F9-E907-4EFF-BBA6-C6D60C98A900}.Release|iPhoneSimulator.Deploy.0 = Release|Any CPU
		{78E2A0F9-E907-4EFF-BBA6-C6D60C98A900}.Release|x64.ActiveCfg = Release|Any CPU
		{78E2A0F9-E907-4EFF-BBA6-C6D60C98A900}.Release|x86.ActiveCfg = Release|Any CPU
		{89CCA289-A201-408B-88B5-2676B4DB3639}.Ad-Hoc|Any CPU.ActiveCfg = Release|Any CPU
		{89CCA289-A201-408B-88B5-2676B4DB3639}.Ad-Hoc|Any CPU.Build.0 = Release|Any CPU
		{89CCA289-A201-408B-88B5-2676B4DB3639}.Ad-Hoc|ARM.ActiveCfg = Debug|Any CPU
		{89CCA289-A201-408B-88B5-2676B4DB3639}.Ad-Hoc|iPhone.ActiveCfg = Release|Any CPU
		{89CCA289-A201-408B-88B5-2676B4DB3639}.Ad-Hoc|iPhone.Build.0 = Release|Any CPU
		{89CCA289-A201-408B-88B5-2676B4DB3639}.Ad-Hoc|iPhoneSimulator.ActiveCfg = Release|Any CPU
		{89CCA289-A201-408B-88B5-2676B4DB3639}.Ad-Hoc|iPhoneSimulator.Build.0 = Release|Any CPU
		{89CCA289-A201-408B-88B5-2676B4DB3639}.Ad-Hoc|x64.ActiveCfg = Debug|Any CPU
		{89CCA289-A201-408B-88B5-2676B4DB3639}.Ad-Hoc|x86.ActiveCfg = Debug|Any CPU
		{89CCA289-A201-408B-88B5-2676B4DB3639}.AppStore|Any CPU.ActiveCfg = Release|Any CPU
		{89CCA289-A201-408B-88B5-2676B4DB3639}.AppStore|Any CPU.Build.0 = Release|Any CPU
		{89CCA289-A201-408B-88B5-2676B4DB3639}.AppStore|ARM.ActiveCfg = Debug|Any CPU
		{89CCA289-A201-408B-88B5-2676B4DB3639}.AppStore|iPhone.ActiveCfg = Release|Any CPU
		{89CCA289-A201-408B-88B5-2676B4DB3639}.AppStore|iPhone.Build.0 = Release|Any CPU
		{89CCA289-A201-408B-88B5-2676B4DB3639}.AppStore|iPhoneSimulator.ActiveCfg = Release|Any CPU
		{89CCA289-A201-408B-88B5-2676B4DB3639}.AppStore|iPhoneSimulator.Build.0 = Release|Any CPU
		{89CCA289-A201-408B-88B5-2676B4DB3639}.AppStore|x64.ActiveCfg = Debug|Any CPU
		{89CCA289-A201-408B-88B5-2676B4DB3639}.AppStore|x86.ActiveCfg = Debug|Any CPU
		{89CCA289-A201-408B-88B5-2676B4DB3639}.Debug|Any CPU.ActiveCfg = Debug|Any CPU
		{89CCA289-A201-408B-88B5-2676B4DB3639}.Debug|Any CPU.Build.0 = Debug|Any CPU
		{89CCA289-A201-408B-88B5-2676B4DB3639}.Debug|ARM.ActiveCfg = Debug|Any CPU
		{89CCA289-A201-408B-88B5-2676B4DB3639}.Debug|iPhone.ActiveCfg = Debug|Any CPU
		{89CCA289-A201-408B-88B5-2676B4DB3639}.Debug|iPhone.Build.0 = Debug|Any CPU
		{89CCA289-A201-408B-88B5-2676B4DB3639}.Debug|iPhoneSimulator.ActiveCfg = Debug|Any CPU
		{89CCA289-A201-408B-88B5-2676B4DB3639}.Debug|iPhoneSimulator.Build.0 = Debug|Any CPU
		{89CCA289-A201-408B-88B5-2676B4DB3639}.Debug|x64.ActiveCfg = Debug|Any CPU
		{89CCA289-A201-408B-88B5-2676B4DB3639}.Debug|x86.ActiveCfg = Debug|Any CPU
		{89CCA289-A201-408B-88B5-2676B4DB3639}.Release|Any CPU.ActiveCfg = Release|Any CPU
		{89CCA289-A201-408B-88B5-2676B4DB3639}.Release|Any CPU.Build.0 = Release|Any CPU
		{89CCA289-A201-408B-88B5-2676B4DB3639}.Release|ARM.ActiveCfg = Release|Any CPU
		{89CCA289-A201-408B-88B5-2676B4DB3639}.Release|iPhone.ActiveCfg = Release|Any CPU
		{89CCA289-A201-408B-88B5-2676B4DB3639}.Release|iPhone.Build.0 = Release|Any CPU
		{89CCA289-A201-408B-88B5-2676B4DB3639}.Release|iPhoneSimulator.ActiveCfg = Release|Any CPU
		{89CCA289-A201-408B-88B5-2676B4DB3639}.Release|iPhoneSimulator.Build.0 = Release|Any CPU
		{89CCA289-A201-408B-88B5-2676B4DB3639}.Release|x64.ActiveCfg = Release|Any CPU
		{89CCA289-A201-408B-88B5-2676B4DB3639}.Release|x86.ActiveCfg = Release|Any CPU
		{C675FCAB-95FB-4C9B-A7A5-C90B613A8FCD}.Ad-Hoc|Any CPU.ActiveCfg = Release|Any CPU
		{C675FCAB-95FB-4C9B-A7A5-C90B613A8FCD}.Ad-Hoc|Any CPU.Build.0 = Release|Any CPU
		{C675FCAB-95FB-4C9B-A7A5-C90B613A8FCD}.Ad-Hoc|Any CPU.Deploy.0 = Release|Any CPU
		{C675FCAB-95FB-4C9B-A7A5-C90B613A8FCD}.Ad-Hoc|ARM.ActiveCfg = Debug|Any CPU
		{C675FCAB-95FB-4C9B-A7A5-C90B613A8FCD}.Ad-Hoc|iPhone.ActiveCfg = Release|Any CPU
		{C675FCAB-95FB-4C9B-A7A5-C90B613A8FCD}.Ad-Hoc|iPhone.Build.0 = Release|Any CPU
		{C675FCAB-95FB-4C9B-A7A5-C90B613A8FCD}.Ad-Hoc|iPhone.Deploy.0 = Release|Any CPU
		{C675FCAB-95FB-4C9B-A7A5-C90B613A8FCD}.Ad-Hoc|iPhoneSimulator.ActiveCfg = Release|Any CPU
		{C675FCAB-95FB-4C9B-A7A5-C90B613A8FCD}.Ad-Hoc|iPhoneSimulator.Build.0 = Release|Any CPU
		{C675FCAB-95FB-4C9B-A7A5-C90B613A8FCD}.Ad-Hoc|iPhoneSimulator.Deploy.0 = Release|Any CPU
		{C675FCAB-95FB-4C9B-A7A5-C90B613A8FCD}.Ad-Hoc|x64.ActiveCfg = Debug|Any CPU
		{C675FCAB-95FB-4C9B-A7A5-C90B613A8FCD}.Ad-Hoc|x86.ActiveCfg = Debug|Any CPU
		{C675FCAB-95FB-4C9B-A7A5-C90B613A8FCD}.AppStore|Any CPU.ActiveCfg = Release|Any CPU
		{C675FCAB-95FB-4C9B-A7A5-C90B613A8FCD}.AppStore|Any CPU.Build.0 = Release|Any CPU
		{C675FCAB-95FB-4C9B-A7A5-C90B613A8FCD}.AppStore|Any CPU.Deploy.0 = Release|Any CPU
		{C675FCAB-95FB-4C9B-A7A5-C90B613A8FCD}.AppStore|ARM.ActiveCfg = Debug|Any CPU
		{C675FCAB-95FB-4C9B-A7A5-C90B613A8FCD}.AppStore|iPhone.ActiveCfg = Release|Any CPU
		{C675FCAB-95FB-4C9B-A7A5-C90B613A8FCD}.AppStore|iPhone.Build.0 = Release|Any CPU
		{C675FCAB-95FB-4C9B-A7A5-C90B613A8FCD}.AppStore|iPhone.Deploy.0 = Release|Any CPU
		{C675FCAB-95FB-4C9B-A7A5-C90B613A8FCD}.AppStore|iPhoneSimulator.ActiveCfg = Release|Any CPU
		{C675FCAB-95FB-4C9B-A7A5-C90B613A8FCD}.AppStore|iPhoneSimulator.Build.0 = Release|Any CPU
		{C675FCAB-95FB-4C9B-A7A5-C90B613A8FCD}.AppStore|iPhoneSimulator.Deploy.0 = Release|Any CPU
		{C675FCAB-95FB-4C9B-A7A5-C90B613A8FCD}.AppStore|x64.ActiveCfg = Debug|Any CPU
		{C675FCAB-95FB-4C9B-A7A5-C90B613A8FCD}.AppStore|x86.ActiveCfg = Debug|Any CPU
		{C675FCAB-95FB-4C9B-A7A5-C90B613A8FCD}.Debug|Any CPU.ActiveCfg = Debug|Any CPU
		{C675FCAB-95FB-4C9B-A7A5-C90B613A8FCD}.Debug|Any CPU.Build.0 = Debug|Any CPU
		{C675FCAB-95FB-4C9B-A7A5-C90B613A8FCD}.Debug|Any CPU.Deploy.0 = Debug|Any CPU
		{C675FCAB-95FB-4C9B-A7A5-C90B613A8FCD}.Debug|ARM.ActiveCfg = Debug|Any CPU
		{C675FCAB-95FB-4C9B-A7A5-C90B613A8FCD}.Debug|iPhone.ActiveCfg = Debug|Any CPU
		{C675FCAB-95FB-4C9B-A7A5-C90B613A8FCD}.Debug|iPhone.Build.0 = Debug|Any CPU
		{C675FCAB-95FB-4C9B-A7A5-C90B613A8FCD}.Debug|iPhone.Deploy.0 = Debug|Any CPU
		{C675FCAB-95FB-4C9B-A7A5-C90B613A8FCD}.Debug|iPhoneSimulator.ActiveCfg = Debug|Any CPU
		{C675FCAB-95FB-4C9B-A7A5-C90B613A8FCD}.Debug|iPhoneSimulator.Build.0 = Debug|Any CPU
		{C675FCAB-95FB-4C9B-A7A5-C90B613A8FCD}.Debug|iPhoneSimulator.Deploy.0 = Debug|Any CPU
		{C675FCAB-95FB-4C9B-A7A5-C90B613A8FCD}.Debug|x64.ActiveCfg = Debug|Any CPU
		{C675FCAB-95FB-4C9B-A7A5-C90B613A8FCD}.Debug|x86.ActiveCfg = Debug|Any CPU
		{C675FCAB-95FB-4C9B-A7A5-C90B613A8FCD}.Release|Any CPU.ActiveCfg = Release|Any CPU
		{C675FCAB-95FB-4C9B-A7A5-C90B613A8FCD}.Release|Any CPU.Build.0 = Release|Any CPU
		{C675FCAB-95FB-4C9B-A7A5-C90B613A8FCD}.Release|Any CPU.Deploy.0 = Release|Any CPU
		{C675FCAB-95FB-4C9B-A7A5-C90B613A8FCD}.Release|ARM.ActiveCfg = Release|Any CPU
		{C675FCAB-95FB-4C9B-A7A5-C90B613A8FCD}.Release|iPhone.ActiveCfg = Release|Any CPU
		{C675FCAB-95FB-4C9B-A7A5-C90B613A8FCD}.Release|iPhone.Build.0 = Release|Any CPU
		{C675FCAB-95FB-4C9B-A7A5-C90B613A8FCD}.Release|iPhone.Deploy.0 = Release|Any CPU
		{C675FCAB-95FB-4C9B-A7A5-C90B613A8FCD}.Release|iPhoneSimulator.ActiveCfg = Release|Any CPU
		{C675FCAB-95FB-4C9B-A7A5-C90B613A8FCD}.Release|iPhoneSimulator.Build.0 = Release|Any CPU
		{C675FCAB-95FB-4C9B-A7A5-C90B613A8FCD}.Release|iPhoneSimulator.Deploy.0 = Release|Any CPU
		{C675FCAB-95FB-4C9B-A7A5-C90B613A8FCD}.Release|x64.ActiveCfg = Release|Any CPU
		{C675FCAB-95FB-4C9B-A7A5-C90B613A8FCD}.Release|x86.ActiveCfg = Release|Any CPU
		{67F9D3A8-F71E-4428-913F-C37AE82CDB24}.Ad-Hoc|Any CPU.ActiveCfg = Release|Any CPU
		{67F9D3A8-F71E-4428-913F-C37AE82CDB24}.Ad-Hoc|Any CPU.Build.0 = Release|Any CPU
		{67F9D3A8-F71E-4428-913F-C37AE82CDB24}.Ad-Hoc|ARM.ActiveCfg = Debug|Any CPU
		{67F9D3A8-F71E-4428-913F-C37AE82CDB24}.Ad-Hoc|iPhone.ActiveCfg = Release|Any CPU
		{67F9D3A8-F71E-4428-913F-C37AE82CDB24}.Ad-Hoc|iPhone.Build.0 = Release|Any CPU
		{67F9D3A8-F71E-4428-913F-C37AE82CDB24}.Ad-Hoc|iPhoneSimulator.ActiveCfg = Release|Any CPU
		{67F9D3A8-F71E-4428-913F-C37AE82CDB24}.Ad-Hoc|iPhoneSimulator.Build.0 = Release|Any CPU
		{67F9D3A8-F71E-4428-913F-C37AE82CDB24}.Ad-Hoc|x64.ActiveCfg = Debug|Any CPU
		{67F9D3A8-F71E-4428-913F-C37AE82CDB24}.Ad-Hoc|x86.ActiveCfg = Debug|Any CPU
		{67F9D3A8-F71E-4428-913F-C37AE82CDB24}.AppStore|Any CPU.ActiveCfg = Release|Any CPU
		{67F9D3A8-F71E-4428-913F-C37AE82CDB24}.AppStore|Any CPU.Build.0 = Release|Any CPU
		{67F9D3A8-F71E-4428-913F-C37AE82CDB24}.AppStore|ARM.ActiveCfg = Debug|Any CPU
		{67F9D3A8-F71E-4428-913F-C37AE82CDB24}.AppStore|iPhone.ActiveCfg = Release|Any CPU
		{67F9D3A8-F71E-4428-913F-C37AE82CDB24}.AppStore|iPhone.Build.0 = Release|Any CPU
		{67F9D3A8-F71E-4428-913F-C37AE82CDB24}.AppStore|iPhoneSimulator.ActiveCfg = Release|Any CPU
		{67F9D3A8-F71E-4428-913F-C37AE82CDB24}.AppStore|iPhoneSimulator.Build.0 = Release|Any CPU
		{67F9D3A8-F71E-4428-913F-C37AE82CDB24}.AppStore|x64.ActiveCfg = Debug|Any CPU
		{67F9D3A8-F71E-4428-913F-C37AE82CDB24}.AppStore|x86.ActiveCfg = Debug|Any CPU
		{67F9D3A8-F71E-4428-913F-C37AE82CDB24}.Debug|Any CPU.ActiveCfg = Debug|Any CPU
		{67F9D3A8-F71E-4428-913F-C37AE82CDB24}.Debug|Any CPU.Build.0 = Debug|Any CPU
		{67F9D3A8-F71E-4428-913F-C37AE82CDB24}.Debug|ARM.ActiveCfg = Debug|Any CPU
		{67F9D3A8-F71E-4428-913F-C37AE82CDB24}.Debug|iPhone.ActiveCfg = Debug|Any CPU
		{67F9D3A8-F71E-4428-913F-C37AE82CDB24}.Debug|iPhone.Build.0 = Debug|Any CPU
		{67F9D3A8-F71E-4428-913F-C37AE82CDB24}.Debug|iPhoneSimulator.ActiveCfg = Debug|Any CPU
		{67F9D3A8-F71E-4428-913F-C37AE82CDB24}.Debug|iPhoneSimulator.Build.0 = Debug|Any CPU
		{67F9D3A8-F71E-4428-913F-C37AE82CDB24}.Debug|x64.ActiveCfg = Debug|Any CPU
		{67F9D3A8-F71E-4428-913F-C37AE82CDB24}.Debug|x86.ActiveCfg = Debug|Any CPU
		{67F9D3A8-F71E-4428-913F-C37AE82CDB24}.Release|Any CPU.ActiveCfg = Release|Any CPU
		{67F9D3A8-F71E-4428-913F-C37AE82CDB24}.Release|Any CPU.Build.0 = Release|Any CPU
		{67F9D3A8-F71E-4428-913F-C37AE82CDB24}.Release|ARM.ActiveCfg = Release|Any CPU
		{67F9D3A8-F71E-4428-913F-C37AE82CDB24}.Release|iPhone.ActiveCfg = Release|Any CPU
		{67F9D3A8-F71E-4428-913F-C37AE82CDB24}.Release|iPhone.Build.0 = Release|Any CPU
		{67F9D3A8-F71E-4428-913F-C37AE82CDB24}.Release|iPhoneSimulator.ActiveCfg = Release|Any CPU
		{67F9D3A8-F71E-4428-913F-C37AE82CDB24}.Release|iPhoneSimulator.Build.0 = Release|Any CPU
		{67F9D3A8-F71E-4428-913F-C37AE82CDB24}.Release|x64.ActiveCfg = Release|Any CPU
		{67F9D3A8-F71E-4428-913F-C37AE82CDB24}.Release|x86.ActiveCfg = Release|Any CPU
		{05113E0E-93D9-4F25-8C04-B803C3C41182}.Ad-Hoc|Any CPU.ActiveCfg = Release|Any CPU
		{05113E0E-93D9-4F25-8C04-B803C3C41182}.Ad-Hoc|Any CPU.Build.0 = Release|Any CPU
		{05113E0E-93D9-4F25-8C04-B803C3C41182}.Ad-Hoc|Any CPU.Deploy.0 = Release|Any CPU
		{05113E0E-93D9-4F25-8C04-B803C3C41182}.Ad-Hoc|ARM.ActiveCfg = Debug|Any CPU
		{05113E0E-93D9-4F25-8C04-B803C3C41182}.Ad-Hoc|iPhone.ActiveCfg = Release|Any CPU
		{05113E0E-93D9-4F25-8C04-B803C3C41182}.Ad-Hoc|iPhone.Build.0 = Release|Any CPU
		{05113E0E-93D9-4F25-8C04-B803C3C41182}.Ad-Hoc|iPhone.Deploy.0 = Release|Any CPU
		{05113E0E-93D9-4F25-8C04-B803C3C41182}.Ad-Hoc|iPhoneSimulator.ActiveCfg = Release|Any CPU
		{05113E0E-93D9-4F25-8C04-B803C3C41182}.Ad-Hoc|iPhoneSimulator.Build.0 = Release|Any CPU
		{05113E0E-93D9-4F25-8C04-B803C3C41182}.Ad-Hoc|iPhoneSimulator.Deploy.0 = Release|Any CPU
		{05113E0E-93D9-4F25-8C04-B803C3C41182}.Ad-Hoc|x64.ActiveCfg = Debug|Any CPU
		{05113E0E-93D9-4F25-8C04-B803C3C41182}.Ad-Hoc|x86.ActiveCfg = Debug|Any CPU
		{05113E0E-93D9-4F25-8C04-B803C3C41182}.AppStore|Any CPU.ActiveCfg = Release|Any CPU
		{05113E0E-93D9-4F25-8C04-B803C3C41182}.AppStore|Any CPU.Build.0 = Release|Any CPU
		{05113E0E-93D9-4F25-8C04-B803C3C41182}.AppStore|Any CPU.Deploy.0 = Release|Any CPU
		{05113E0E-93D9-4F25-8C04-B803C3C41182}.AppStore|ARM.ActiveCfg = Debug|Any CPU
		{05113E0E-93D9-4F25-8C04-B803C3C41182}.AppStore|iPhone.ActiveCfg = Release|Any CPU
		{05113E0E-93D9-4F25-8C04-B803C3C41182}.AppStore|iPhone.Build.0 = Release|Any CPU
		{05113E0E-93D9-4F25-8C04-B803C3C41182}.AppStore|iPhone.Deploy.0 = Release|Any CPU
		{05113E0E-93D9-4F25-8C04-B803C3C41182}.AppStore|iPhoneSimulator.ActiveCfg = Release|Any CPU
		{05113E0E-93D9-4F25-8C04-B803C3C41182}.AppStore|iPhoneSimulator.Build.0 = Release|Any CPU
		{05113E0E-93D9-4F25-8C04-B803C3C41182}.AppStore|iPhoneSimulator.Deploy.0 = Release|Any CPU
		{05113E0E-93D9-4F25-8C04-B803C3C41182}.AppStore|x64.ActiveCfg = Debug|Any CPU
		{05113E0E-93D9-4F25-8C04-B803C3C41182}.AppStore|x86.ActiveCfg = Debug|Any CPU
		{05113E0E-93D9-4F25-8C04-B803C3C41182}.Debug|Any CPU.ActiveCfg = Debug|Any CPU
		{05113E0E-93D9-4F25-8C04-B803C3C41182}.Debug|Any CPU.Build.0 = Debug|Any CPU
		{05113E0E-93D9-4F25-8C04-B803C3C41182}.Debug|Any CPU.Deploy.0 = Debug|Any CPU
		{05113E0E-93D9-4F25-8C04-B803C3C41182}.Debug|ARM.ActiveCfg = Debug|Any CPU
		{05113E0E-93D9-4F25-8C04-B803C3C41182}.Debug|iPhone.ActiveCfg = Debug|Any CPU
		{05113E0E-93D9-4F25-8C04-B803C3C41182}.Debug|iPhone.Build.0 = Debug|Any CPU
		{05113E0E-93D9-4F25-8C04-B803C3C41182}.Debug|iPhone.Deploy.0 = Debug|Any CPU
		{05113E0E-93D9-4F25-8C04-B803C3C41182}.Debug|iPhoneSimulator.ActiveCfg = Debug|Any CPU
		{05113E0E-93D9-4F25-8C04-B803C3C41182}.Debug|iPhoneSimulator.Build.0 = Debug|Any CPU
		{05113E0E-93D9-4F25-8C04-B803C3C41182}.Debug|iPhoneSimulator.Deploy.0 = Debug|Any CPU
		{05113E0E-93D9-4F25-8C04-B803C3C41182}.Debug|x64.ActiveCfg = Debug|Any CPU
		{05113E0E-93D9-4F25-8C04-B803C3C41182}.Debug|x86.ActiveCfg = Debug|Any CPU
		{05113E0E-93D9-4F25-8C04-B803C3C41182}.Release|Any CPU.ActiveCfg = Release|Any CPU
		{05113E0E-93D9-4F25-8C04-B803C3C41182}.Release|Any CPU.Build.0 = Release|Any CPU
		{05113E0E-93D9-4F25-8C04-B803C3C41182}.Release|Any CPU.Deploy.0 = Release|Any CPU
		{05113E0E-93D9-4F25-8C04-B803C3C41182}.Release|ARM.ActiveCfg = Release|Any CPU
		{05113E0E-93D9-4F25-8C04-B803C3C41182}.Release|iPhone.ActiveCfg = Release|Any CPU
		{05113E0E-93D9-4F25-8C04-B803C3C41182}.Release|iPhone.Build.0 = Release|Any CPU
		{05113E0E-93D9-4F25-8C04-B803C3C41182}.Release|iPhone.Deploy.0 = Release|Any CPU
		{05113E0E-93D9-4F25-8C04-B803C3C41182}.Release|iPhoneSimulator.ActiveCfg = Release|Any CPU
		{05113E0E-93D9-4F25-8C04-B803C3C41182}.Release|iPhoneSimulator.Build.0 = Release|Any CPU
		{05113E0E-93D9-4F25-8C04-B803C3C41182}.Release|iPhoneSimulator.Deploy.0 = Release|Any CPU
		{05113E0E-93D9-4F25-8C04-B803C3C41182}.Release|x64.ActiveCfg = Release|Any CPU
		{05113E0E-93D9-4F25-8C04-B803C3C41182}.Release|x86.ActiveCfg = Release|Any CPU
		{4030E69B-8045-4474-9D51-4F112E660458}.Ad-Hoc|Any CPU.ActiveCfg = Release|Any CPU
		{4030E69B-8045-4474-9D51-4F112E660458}.Ad-Hoc|Any CPU.Build.0 = Release|Any CPU
		{4030E69B-8045-4474-9D51-4F112E660458}.Ad-Hoc|Any CPU.Deploy.0 = Release|Any CPU
		{4030E69B-8045-4474-9D51-4F112E660458}.Ad-Hoc|ARM.ActiveCfg = Debug|Any CPU
		{4030E69B-8045-4474-9D51-4F112E660458}.Ad-Hoc|iPhone.ActiveCfg = Release|Any CPU
		{4030E69B-8045-4474-9D51-4F112E660458}.Ad-Hoc|iPhone.Build.0 = Release|Any CPU
		{4030E69B-8045-4474-9D51-4F112E660458}.Ad-Hoc|iPhone.Deploy.0 = Release|Any CPU
		{4030E69B-8045-4474-9D51-4F112E660458}.Ad-Hoc|iPhoneSimulator.ActiveCfg = Release|Any CPU
		{4030E69B-8045-4474-9D51-4F112E660458}.Ad-Hoc|iPhoneSimulator.Build.0 = Release|Any CPU
		{4030E69B-8045-4474-9D51-4F112E660458}.Ad-Hoc|iPhoneSimulator.Deploy.0 = Release|Any CPU
		{4030E69B-8045-4474-9D51-4F112E660458}.Ad-Hoc|x64.ActiveCfg = Debug|Any CPU
		{4030E69B-8045-4474-9D51-4F112E660458}.Ad-Hoc|x86.ActiveCfg = Debug|Any CPU
		{4030E69B-8045-4474-9D51-4F112E660458}.AppStore|Any CPU.ActiveCfg = Release|Any CPU
		{4030E69B-8045-4474-9D51-4F112E660458}.AppStore|Any CPU.Build.0 = Release|Any CPU
		{4030E69B-8045-4474-9D51-4F112E660458}.AppStore|Any CPU.Deploy.0 = Release|Any CPU
		{4030E69B-8045-4474-9D51-4F112E660458}.AppStore|ARM.ActiveCfg = Debug|Any CPU
		{4030E69B-8045-4474-9D51-4F112E660458}.AppStore|iPhone.ActiveCfg = Release|Any CPU
		{4030E69B-8045-4474-9D51-4F112E660458}.AppStore|iPhone.Build.0 = Release|Any CPU
		{4030E69B-8045-4474-9D51-4F112E660458}.AppStore|iPhone.Deploy.0 = Release|Any CPU
		{4030E69B-8045-4474-9D51-4F112E660458}.AppStore|iPhoneSimulator.ActiveCfg = Release|Any CPU
		{4030E69B-8045-4474-9D51-4F112E660458}.AppStore|iPhoneSimulator.Build.0 = Release|Any CPU
		{4030E69B-8045-4474-9D51-4F112E660458}.AppStore|iPhoneSimulator.Deploy.0 = Release|Any CPU
		{4030E69B-8045-4474-9D51-4F112E660458}.AppStore|x64.ActiveCfg = Debug|Any CPU
		{4030E69B-8045-4474-9D51-4F112E660458}.AppStore|x86.ActiveCfg = Debug|Any CPU
		{4030E69B-8045-4474-9D51-4F112E660458}.Debug|Any CPU.ActiveCfg = Debug|Any CPU
		{4030E69B-8045-4474-9D51-4F112E660458}.Debug|Any CPU.Build.0 = Debug|Any CPU
		{4030E69B-8045-4474-9D51-4F112E660458}.Debug|Any CPU.Deploy.0 = Debug|Any CPU
		{4030E69B-8045-4474-9D51-4F112E660458}.Debug|ARM.ActiveCfg = Debug|Any CPU
		{4030E69B-8045-4474-9D51-4F112E660458}.Debug|iPhone.ActiveCfg = Debug|Any CPU
		{4030E69B-8045-4474-9D51-4F112E660458}.Debug|iPhone.Build.0 = Debug|Any CPU
		{4030E69B-8045-4474-9D51-4F112E660458}.Debug|iPhone.Deploy.0 = Debug|Any CPU
		{4030E69B-8045-4474-9D51-4F112E660458}.Debug|iPhoneSimulator.ActiveCfg = Debug|Any CPU
		{4030E69B-8045-4474-9D51-4F112E660458}.Debug|iPhoneSimulator.Build.0 = Debug|Any CPU
		{4030E69B-8045-4474-9D51-4F112E660458}.Debug|iPhoneSimulator.Deploy.0 = Debug|Any CPU
		{4030E69B-8045-4474-9D51-4F112E660458}.Debug|x64.ActiveCfg = Debug|Any CPU
		{4030E69B-8045-4474-9D51-4F112E660458}.Debug|x86.ActiveCfg = Debug|Any CPU
		{4030E69B-8045-4474-9D51-4F112E660458}.Release|Any CPU.ActiveCfg = Release|Any CPU
		{4030E69B-8045-4474-9D51-4F112E660458}.Release|Any CPU.Build.0 = Release|Any CPU
		{4030E69B-8045-4474-9D51-4F112E660458}.Release|Any CPU.Deploy.0 = Release|Any CPU
		{4030E69B-8045-4474-9D51-4F112E660458}.Release|ARM.ActiveCfg = Release|Any CPU
		{4030E69B-8045-4474-9D51-4F112E660458}.Release|iPhone.ActiveCfg = Release|Any CPU
		{4030E69B-8045-4474-9D51-4F112E660458}.Release|iPhone.Build.0 = Release|Any CPU
		{4030E69B-8045-4474-9D51-4F112E660458}.Release|iPhone.Deploy.0 = Release|Any CPU
		{4030E69B-8045-4474-9D51-4F112E660458}.Release|iPhoneSimulator.ActiveCfg = Release|Any CPU
		{4030E69B-8045-4474-9D51-4F112E660458}.Release|iPhoneSimulator.Build.0 = Release|Any CPU
		{4030E69B-8045-4474-9D51-4F112E660458}.Release|iPhoneSimulator.Deploy.0 = Release|Any CPU
		{4030E69B-8045-4474-9D51-4F112E660458}.Release|x64.ActiveCfg = Release|Any CPU
		{4030E69B-8045-4474-9D51-4F112E660458}.Release|x86.ActiveCfg = Release|Any CPU
		{DECC51C6-6182-481E-AFCA-544ED833B5BE}.Ad-Hoc|Any CPU.ActiveCfg = Release|Any CPU
		{DECC51C6-6182-481E-AFCA-544ED833B5BE}.Ad-Hoc|Any CPU.Build.0 = Release|Any CPU
		{DECC51C6-6182-481E-AFCA-544ED833B5BE}.Ad-Hoc|ARM.ActiveCfg = Debug|Any CPU
		{DECC51C6-6182-481E-AFCA-544ED833B5BE}.Ad-Hoc|ARM.Build.0 = Debug|Any CPU
		{DECC51C6-6182-481E-AFCA-544ED833B5BE}.Ad-Hoc|iPhone.ActiveCfg = Release|Any CPU
		{DECC51C6-6182-481E-AFCA-544ED833B5BE}.Ad-Hoc|iPhone.Build.0 = Release|Any CPU
		{DECC51C6-6182-481E-AFCA-544ED833B5BE}.Ad-Hoc|iPhoneSimulator.ActiveCfg = Release|Any CPU
		{DECC51C6-6182-481E-AFCA-544ED833B5BE}.Ad-Hoc|iPhoneSimulator.Build.0 = Release|Any CPU
		{DECC51C6-6182-481E-AFCA-544ED833B5BE}.Ad-Hoc|x64.ActiveCfg = Debug|Any CPU
		{DECC51C6-6182-481E-AFCA-544ED833B5BE}.Ad-Hoc|x64.Build.0 = Debug|Any CPU
		{DECC51C6-6182-481E-AFCA-544ED833B5BE}.Ad-Hoc|x86.ActiveCfg = Debug|Any CPU
		{DECC51C6-6182-481E-AFCA-544ED833B5BE}.Ad-Hoc|x86.Build.0 = Debug|Any CPU
		{DECC51C6-6182-481E-AFCA-544ED833B5BE}.AppStore|Any CPU.ActiveCfg = Release|Any CPU
		{DECC51C6-6182-481E-AFCA-544ED833B5BE}.AppStore|Any CPU.Build.0 = Release|Any CPU
		{DECC51C6-6182-481E-AFCA-544ED833B5BE}.AppStore|ARM.ActiveCfg = Debug|Any CPU
		{DECC51C6-6182-481E-AFCA-544ED833B5BE}.AppStore|ARM.Build.0 = Debug|Any CPU
		{DECC51C6-6182-481E-AFCA-544ED833B5BE}.AppStore|iPhone.ActiveCfg = Release|Any CPU
		{DECC51C6-6182-481E-AFCA-544ED833B5BE}.AppStore|iPhone.Build.0 = Release|Any CPU
		{DECC51C6-6182-481E-AFCA-544ED833B5BE}.AppStore|iPhoneSimulator.ActiveCfg = Release|Any CPU
		{DECC51C6-6182-481E-AFCA-544ED833B5BE}.AppStore|iPhoneSimulator.Build.0 = Release|Any CPU
		{DECC51C6-6182-481E-AFCA-544ED833B5BE}.AppStore|x64.ActiveCfg = Debug|Any CPU
		{DECC51C6-6182-481E-AFCA-544ED833B5BE}.AppStore|x64.Build.0 = Debug|Any CPU
		{DECC51C6-6182-481E-AFCA-544ED833B5BE}.AppStore|x86.ActiveCfg = Debug|Any CPU
		{DECC51C6-6182-481E-AFCA-544ED833B5BE}.AppStore|x86.Build.0 = Debug|Any CPU
		{DECC51C6-6182-481E-AFCA-544ED833B5BE}.Debug|Any CPU.ActiveCfg = Debug|Any CPU
		{DECC51C6-6182-481E-AFCA-544ED833B5BE}.Debug|Any CPU.Build.0 = Debug|Any CPU
		{DECC51C6-6182-481E-AFCA-544ED833B5BE}.Debug|ARM.ActiveCfg = Debug|Any CPU
		{DECC51C6-6182-481E-AFCA-544ED833B5BE}.Debug|ARM.Build.0 = Debug|Any CPU
		{DECC51C6-6182-481E-AFCA-544ED833B5BE}.Debug|iPhone.ActiveCfg = Debug|Any CPU
		{DECC51C6-6182-481E-AFCA-544ED833B5BE}.Debug|iPhone.Build.0 = Debug|Any CPU
		{DECC51C6-6182-481E-AFCA-544ED833B5BE}.Debug|iPhoneSimulator.ActiveCfg = Debug|Any CPU
		{DECC51C6-6182-481E-AFCA-544ED833B5BE}.Debug|iPhoneSimulator.Build.0 = Debug|Any CPU
		{DECC51C6-6182-481E-AFCA-544ED833B5BE}.Debug|x64.ActiveCfg = Debug|Any CPU
		{DECC51C6-6182-481E-AFCA-544ED833B5BE}.Debug|x64.Build.0 = Debug|Any CPU
		{DECC51C6-6182-481E-AFCA-544ED833B5BE}.Debug|x86.ActiveCfg = Debug|Any CPU
		{DECC51C6-6182-481E-AFCA-544ED833B5BE}.Debug|x86.Build.0 = Debug|Any CPU
		{DECC51C6-6182-481E-AFCA-544ED833B5BE}.Release|Any CPU.ActiveCfg = Release|Any CPU
		{DECC51C6-6182-481E-AFCA-544ED833B5BE}.Release|Any CPU.Build.0 = Release|Any CPU
		{DECC51C6-6182-481E-AFCA-544ED833B5BE}.Release|ARM.ActiveCfg = Release|Any CPU
		{DECC51C6-6182-481E-AFCA-544ED833B5BE}.Release|ARM.Build.0 = Release|Any CPU
		{DECC51C6-6182-481E-AFCA-544ED833B5BE}.Release|iPhone.ActiveCfg = Release|Any CPU
		{DECC51C6-6182-481E-AFCA-544ED833B5BE}.Release|iPhone.Build.0 = Release|Any CPU
		{DECC51C6-6182-481E-AFCA-544ED833B5BE}.Release|iPhoneSimulator.ActiveCfg = Release|Any CPU
		{DECC51C6-6182-481E-AFCA-544ED833B5BE}.Release|iPhoneSimulator.Build.0 = Release|Any CPU
		{DECC51C6-6182-481E-AFCA-544ED833B5BE}.Release|x64.ActiveCfg = Release|Any CPU
		{DECC51C6-6182-481E-AFCA-544ED833B5BE}.Release|x64.Build.0 = Release|Any CPU
		{DECC51C6-6182-481E-AFCA-544ED833B5BE}.Release|x86.ActiveCfg = Release|Any CPU
		{DECC51C6-6182-481E-AFCA-544ED833B5BE}.Release|x86.Build.0 = Release|Any CPU
		{E4B2290B-00B7-4DBA-BBB5-E2FCAD69129C}.Ad-Hoc|Any CPU.ActiveCfg = Release|Any CPU
		{E4B2290B-00B7-4DBA-BBB5-E2FCAD69129C}.Ad-Hoc|Any CPU.Build.0 = Release|Any CPU
		{E4B2290B-00B7-4DBA-BBB5-E2FCAD69129C}.Ad-Hoc|ARM.ActiveCfg = Debug|Any CPU
		{E4B2290B-00B7-4DBA-BBB5-E2FCAD69129C}.Ad-Hoc|ARM.Build.0 = Debug|Any CPU
		{E4B2290B-00B7-4DBA-BBB5-E2FCAD69129C}.Ad-Hoc|iPhone.ActiveCfg = Release|Any CPU
		{E4B2290B-00B7-4DBA-BBB5-E2FCAD69129C}.Ad-Hoc|iPhone.Build.0 = Release|Any CPU
		{E4B2290B-00B7-4DBA-BBB5-E2FCAD69129C}.Ad-Hoc|iPhoneSimulator.ActiveCfg = Release|Any CPU
		{E4B2290B-00B7-4DBA-BBB5-E2FCAD69129C}.Ad-Hoc|iPhoneSimulator.Build.0 = Release|Any CPU
		{E4B2290B-00B7-4DBA-BBB5-E2FCAD69129C}.Ad-Hoc|x64.ActiveCfg = Debug|Any CPU
		{E4B2290B-00B7-4DBA-BBB5-E2FCAD69129C}.Ad-Hoc|x64.Build.0 = Debug|Any CPU
		{E4B2290B-00B7-4DBA-BBB5-E2FCAD69129C}.Ad-Hoc|x86.ActiveCfg = Debug|Any CPU
		{E4B2290B-00B7-4DBA-BBB5-E2FCAD69129C}.Ad-Hoc|x86.Build.0 = Debug|Any CPU
		{E4B2290B-00B7-4DBA-BBB5-E2FCAD69129C}.AppStore|Any CPU.ActiveCfg = Release|Any CPU
		{E4B2290B-00B7-4DBA-BBB5-E2FCAD69129C}.AppStore|Any CPU.Build.0 = Release|Any CPU
		{E4B2290B-00B7-4DBA-BBB5-E2FCAD69129C}.AppStore|ARM.ActiveCfg = Debug|Any CPU
		{E4B2290B-00B7-4DBA-BBB5-E2FCAD69129C}.AppStore|ARM.Build.0 = Debug|Any CPU
		{E4B2290B-00B7-4DBA-BBB5-E2FCAD69129C}.AppStore|iPhone.ActiveCfg = Release|Any CPU
		{E4B2290B-00B7-4DBA-BBB5-E2FCAD69129C}.AppStore|iPhone.Build.0 = Release|Any CPU
		{E4B2290B-00B7-4DBA-BBB5-E2FCAD69129C}.AppStore|iPhoneSimulator.ActiveCfg = Release|Any CPU
		{E4B2290B-00B7-4DBA-BBB5-E2FCAD69129C}.AppStore|iPhoneSimulator.Build.0 = Release|Any CPU
		{E4B2290B-00B7-4DBA-BBB5-E2FCAD69129C}.AppStore|x64.ActiveCfg = Debug|Any CPU
		{E4B2290B-00B7-4DBA-BBB5-E2FCAD69129C}.AppStore|x64.Build.0 = Debug|Any CPU
		{E4B2290B-00B7-4DBA-BBB5-E2FCAD69129C}.AppStore|x86.ActiveCfg = Debug|Any CPU
		{E4B2290B-00B7-4DBA-BBB5-E2FCAD69129C}.AppStore|x86.Build.0 = Debug|Any CPU
		{E4B2290B-00B7-4DBA-BBB5-E2FCAD69129C}.Debug|Any CPU.ActiveCfg = Debug|Any CPU
		{E4B2290B-00B7-4DBA-BBB5-E2FCAD69129C}.Debug|Any CPU.Build.0 = Debug|Any CPU
		{E4B2290B-00B7-4DBA-BBB5-E2FCAD69129C}.Debug|ARM.ActiveCfg = Debug|Any CPU
		{E4B2290B-00B7-4DBA-BBB5-E2FCAD69129C}.Debug|ARM.Build.0 = Debug|Any CPU
		{E4B2290B-00B7-4DBA-BBB5-E2FCAD69129C}.Debug|iPhone.ActiveCfg = Debug|Any CPU
		{E4B2290B-00B7-4DBA-BBB5-E2FCAD69129C}.Debug|iPhone.Build.0 = Debug|Any CPU
		{E4B2290B-00B7-4DBA-BBB5-E2FCAD69129C}.Debug|iPhoneSimulator.ActiveCfg = Debug|Any CPU
		{E4B2290B-00B7-4DBA-BBB5-E2FCAD69129C}.Debug|iPhoneSimulator.Build.0 = Debug|Any CPU
		{E4B2290B-00B7-4DBA-BBB5-E2FCAD69129C}.Debug|x64.ActiveCfg = Debug|Any CPU
		{E4B2290B-00B7-4DBA-BBB5-E2FCAD69129C}.Debug|x64.Build.0 = Debug|Any CPU
		{E4B2290B-00B7-4DBA-BBB5-E2FCAD69129C}.Debug|x86.ActiveCfg = Debug|Any CPU
		{E4B2290B-00B7-4DBA-BBB5-E2FCAD69129C}.Debug|x86.Build.0 = Debug|Any CPU
		{E4B2290B-00B7-4DBA-BBB5-E2FCAD69129C}.Release|Any CPU.ActiveCfg = Release|Any CPU
		{E4B2290B-00B7-4DBA-BBB5-E2FCAD69129C}.Release|Any CPU.Build.0 = Release|Any CPU
		{E4B2290B-00B7-4DBA-BBB5-E2FCAD69129C}.Release|ARM.ActiveCfg = Release|Any CPU
		{E4B2290B-00B7-4DBA-BBB5-E2FCAD69129C}.Release|ARM.Build.0 = Release|Any CPU
		{E4B2290B-00B7-4DBA-BBB5-E2FCAD69129C}.Release|iPhone.ActiveCfg = Release|Any CPU
		{E4B2290B-00B7-4DBA-BBB5-E2FCAD69129C}.Release|iPhone.Build.0 = Release|Any CPU
		{E4B2290B-00B7-4DBA-BBB5-E2FCAD69129C}.Release|iPhoneSimulator.ActiveCfg = Release|Any CPU
		{E4B2290B-00B7-4DBA-BBB5-E2FCAD69129C}.Release|iPhoneSimulator.Build.0 = Release|Any CPU
		{E4B2290B-00B7-4DBA-BBB5-E2FCAD69129C}.Release|x64.ActiveCfg = Release|Any CPU
		{E4B2290B-00B7-4DBA-BBB5-E2FCAD69129C}.Release|x64.Build.0 = Release|Any CPU
		{E4B2290B-00B7-4DBA-BBB5-E2FCAD69129C}.Release|x86.ActiveCfg = Release|Any CPU
		{E4B2290B-00B7-4DBA-BBB5-E2FCAD69129C}.Release|x86.Build.0 = Release|Any CPU
		{13116EA1-5DAF-48DF-A10A-D22142AD069B}.Ad-Hoc|Any CPU.ActiveCfg = Release|Any CPU
		{13116EA1-5DAF-48DF-A10A-D22142AD069B}.Ad-Hoc|Any CPU.Build.0 = Release|Any CPU
		{13116EA1-5DAF-48DF-A10A-D22142AD069B}.Ad-Hoc|ARM.ActiveCfg = Debug|Any CPU
		{13116EA1-5DAF-48DF-A10A-D22142AD069B}.Ad-Hoc|ARM.Build.0 = Debug|Any CPU
		{13116EA1-5DAF-48DF-A10A-D22142AD069B}.Ad-Hoc|iPhone.ActiveCfg = Release|Any CPU
		{13116EA1-5DAF-48DF-A10A-D22142AD069B}.Ad-Hoc|iPhone.Build.0 = Release|Any CPU
		{13116EA1-5DAF-48DF-A10A-D22142AD069B}.Ad-Hoc|iPhoneSimulator.ActiveCfg = Release|Any CPU
		{13116EA1-5DAF-48DF-A10A-D22142AD069B}.Ad-Hoc|iPhoneSimulator.Build.0 = Release|Any CPU
		{13116EA1-5DAF-48DF-A10A-D22142AD069B}.Ad-Hoc|x64.ActiveCfg = Debug|Any CPU
		{13116EA1-5DAF-48DF-A10A-D22142AD069B}.Ad-Hoc|x64.Build.0 = Debug|Any CPU
		{13116EA1-5DAF-48DF-A10A-D22142AD069B}.Ad-Hoc|x86.ActiveCfg = Debug|Any CPU
		{13116EA1-5DAF-48DF-A10A-D22142AD069B}.Ad-Hoc|x86.Build.0 = Debug|Any CPU
		{13116EA1-5DAF-48DF-A10A-D22142AD069B}.AppStore|Any CPU.ActiveCfg = Release|Any CPU
		{13116EA1-5DAF-48DF-A10A-D22142AD069B}.AppStore|Any CPU.Build.0 = Release|Any CPU
		{13116EA1-5DAF-48DF-A10A-D22142AD069B}.AppStore|ARM.ActiveCfg = Debug|Any CPU
		{13116EA1-5DAF-48DF-A10A-D22142AD069B}.AppStore|ARM.Build.0 = Debug|Any CPU
		{13116EA1-5DAF-48DF-A10A-D22142AD069B}.AppStore|iPhone.ActiveCfg = Release|Any CPU
		{13116EA1-5DAF-48DF-A10A-D22142AD069B}.AppStore|iPhone.Build.0 = Release|Any CPU
		{13116EA1-5DAF-48DF-A10A-D22142AD069B}.AppStore|iPhoneSimulator.ActiveCfg = Release|Any CPU
		{13116EA1-5DAF-48DF-A10A-D22142AD069B}.AppStore|iPhoneSimulator.Build.0 = Release|Any CPU
		{13116EA1-5DAF-48DF-A10A-D22142AD069B}.AppStore|x64.ActiveCfg = Debug|Any CPU
		{13116EA1-5DAF-48DF-A10A-D22142AD069B}.AppStore|x64.Build.0 = Debug|Any CPU
		{13116EA1-5DAF-48DF-A10A-D22142AD069B}.AppStore|x86.ActiveCfg = Debug|Any CPU
		{13116EA1-5DAF-48DF-A10A-D22142AD069B}.AppStore|x86.Build.0 = Debug|Any CPU
		{13116EA1-5DAF-48DF-A10A-D22142AD069B}.Debug|Any CPU.ActiveCfg = Debug|Any CPU
		{13116EA1-5DAF-48DF-A10A-D22142AD069B}.Debug|Any CPU.Build.0 = Debug|Any CPU
		{13116EA1-5DAF-48DF-A10A-D22142AD069B}.Debug|ARM.ActiveCfg = Debug|Any CPU
		{13116EA1-5DAF-48DF-A10A-D22142AD069B}.Debug|ARM.Build.0 = Debug|Any CPU
		{13116EA1-5DAF-48DF-A10A-D22142AD069B}.Debug|iPhone.ActiveCfg = Debug|Any CPU
		{13116EA1-5DAF-48DF-A10A-D22142AD069B}.Debug|iPhone.Build.0 = Debug|Any CPU
		{13116EA1-5DAF-48DF-A10A-D22142AD069B}.Debug|iPhoneSimulator.ActiveCfg = Debug|Any CPU
		{13116EA1-5DAF-48DF-A10A-D22142AD069B}.Debug|iPhoneSimulator.Build.0 = Debug|Any CPU
		{13116EA1-5DAF-48DF-A10A-D22142AD069B}.Debug|x64.ActiveCfg = Debug|Any CPU
		{13116EA1-5DAF-48DF-A10A-D22142AD069B}.Debug|x64.Build.0 = Debug|Any CPU
		{13116EA1-5DAF-48DF-A10A-D22142AD069B}.Debug|x86.ActiveCfg = Debug|Any CPU
		{13116EA1-5DAF-48DF-A10A-D22142AD069B}.Debug|x86.Build.0 = Debug|Any CPU
		{13116EA1-5DAF-48DF-A10A-D22142AD069B}.Release|Any CPU.ActiveCfg = Release|Any CPU
		{13116EA1-5DAF-48DF-A10A-D22142AD069B}.Release|Any CPU.Build.0 = Release|Any CPU
		{13116EA1-5DAF-48DF-A10A-D22142AD069B}.Release|ARM.ActiveCfg = Release|Any CPU
		{13116EA1-5DAF-48DF-A10A-D22142AD069B}.Release|ARM.Build.0 = Release|Any CPU
		{13116EA1-5DAF-48DF-A10A-D22142AD069B}.Release|iPhone.ActiveCfg = Release|Any CPU
		{13116EA1-5DAF-48DF-A10A-D22142AD069B}.Release|iPhone.Build.0 = Release|Any CPU
		{13116EA1-5DAF-48DF-A10A-D22142AD069B}.Release|iPhoneSimulator.ActiveCfg = Release|Any CPU
		{13116EA1-5DAF-48DF-A10A-D22142AD069B}.Release|iPhoneSimulator.Build.0 = Release|Any CPU
		{13116EA1-5DAF-48DF-A10A-D22142AD069B}.Release|x64.ActiveCfg = Release|Any CPU
		{13116EA1-5DAF-48DF-A10A-D22142AD069B}.Release|x64.Build.0 = Release|Any CPU
		{13116EA1-5DAF-48DF-A10A-D22142AD069B}.Release|x86.ActiveCfg = Release|Any CPU
		{13116EA1-5DAF-48DF-A10A-D22142AD069B}.Release|x86.Build.0 = Release|Any CPU
		{141DC1D7-2EB8-42FB-B9D7-79B60F657ACF}.Ad-Hoc|Any CPU.ActiveCfg = Release|Any CPU
		{141DC1D7-2EB8-42FB-B9D7-79B60F657ACF}.Ad-Hoc|Any CPU.Build.0 = Release|Any CPU
		{141DC1D7-2EB8-42FB-B9D7-79B60F657ACF}.Ad-Hoc|ARM.ActiveCfg = Debug|Any CPU
		{141DC1D7-2EB8-42FB-B9D7-79B60F657ACF}.Ad-Hoc|ARM.Build.0 = Debug|Any CPU
		{141DC1D7-2EB8-42FB-B9D7-79B60F657ACF}.Ad-Hoc|iPhone.ActiveCfg = Release|Any CPU
		{141DC1D7-2EB8-42FB-B9D7-79B60F657ACF}.Ad-Hoc|iPhone.Build.0 = Release|Any CPU
		{141DC1D7-2EB8-42FB-B9D7-79B60F657ACF}.Ad-Hoc|iPhoneSimulator.ActiveCfg = Release|Any CPU
		{141DC1D7-2EB8-42FB-B9D7-79B60F657ACF}.Ad-Hoc|iPhoneSimulator.Build.0 = Release|Any CPU
		{141DC1D7-2EB8-42FB-B9D7-79B60F657ACF}.Ad-Hoc|x64.ActiveCfg = Debug|Any CPU
		{141DC1D7-2EB8-42FB-B9D7-79B60F657ACF}.Ad-Hoc|x64.Build.0 = Debug|Any CPU
		{141DC1D7-2EB8-42FB-B9D7-79B60F657ACF}.Ad-Hoc|x86.ActiveCfg = Debug|Any CPU
		{141DC1D7-2EB8-42FB-B9D7-79B60F657ACF}.Ad-Hoc|x86.Build.0 = Debug|Any CPU
		{141DC1D7-2EB8-42FB-B9D7-79B60F657ACF}.AppStore|Any CPU.ActiveCfg = Release|Any CPU
		{141DC1D7-2EB8-42FB-B9D7-79B60F657ACF}.AppStore|Any CPU.Build.0 = Release|Any CPU
		{141DC1D7-2EB8-42FB-B9D7-79B60F657ACF}.AppStore|ARM.ActiveCfg = Debug|Any CPU
		{141DC1D7-2EB8-42FB-B9D7-79B60F657ACF}.AppStore|ARM.Build.0 = Debug|Any CPU
		{141DC1D7-2EB8-42FB-B9D7-79B60F657ACF}.AppStore|iPhone.ActiveCfg = Release|Any CPU
		{141DC1D7-2EB8-42FB-B9D7-79B60F657ACF}.AppStore|iPhone.Build.0 = Release|Any CPU
		{141DC1D7-2EB8-42FB-B9D7-79B60F657ACF}.AppStore|iPhoneSimulator.ActiveCfg = Release|Any CPU
		{141DC1D7-2EB8-42FB-B9D7-79B60F657ACF}.AppStore|iPhoneSimulator.Build.0 = Release|Any CPU
		{141DC1D7-2EB8-42FB-B9D7-79B60F657ACF}.AppStore|x64.ActiveCfg = Debug|Any CPU
		{141DC1D7-2EB8-42FB-B9D7-79B60F657ACF}.AppStore|x64.Build.0 = Debug|Any CPU
		{141DC1D7-2EB8-42FB-B9D7-79B60F657ACF}.AppStore|x86.ActiveCfg = Debug|Any CPU
		{141DC1D7-2EB8-42FB-B9D7-79B60F657ACF}.AppStore|x86.Build.0 = Debug|Any CPU
		{141DC1D7-2EB8-42FB-B9D7-79B60F657ACF}.Debug|Any CPU.ActiveCfg = Debug|Any CPU
		{141DC1D7-2EB8-42FB-B9D7-79B60F657ACF}.Debug|Any CPU.Build.0 = Debug|Any CPU
		{141DC1D7-2EB8-42FB-B9D7-79B60F657ACF}.Debug|ARM.ActiveCfg = Debug|Any CPU
		{141DC1D7-2EB8-42FB-B9D7-79B60F657ACF}.Debug|ARM.Build.0 = Debug|Any CPU
		{141DC1D7-2EB8-42FB-B9D7-79B60F657ACF}.Debug|iPhone.ActiveCfg = Debug|Any CPU
		{141DC1D7-2EB8-42FB-B9D7-79B60F657ACF}.Debug|iPhone.Build.0 = Debug|Any CPU
		{141DC1D7-2EB8-42FB-B9D7-79B60F657ACF}.Debug|iPhoneSimulator.ActiveCfg = Debug|Any CPU
		{141DC1D7-2EB8-42FB-B9D7-79B60F657ACF}.Debug|iPhoneSimulator.Build.0 = Debug|Any CPU
		{141DC1D7-2EB8-42FB-B9D7-79B60F657ACF}.Debug|x64.ActiveCfg = Debug|Any CPU
		{141DC1D7-2EB8-42FB-B9D7-79B60F657ACF}.Debug|x64.Build.0 = Debug|Any CPU
		{141DC1D7-2EB8-42FB-B9D7-79B60F657ACF}.Debug|x86.ActiveCfg = Debug|Any CPU
		{141DC1D7-2EB8-42FB-B9D7-79B60F657ACF}.Debug|x86.Build.0 = Debug|Any CPU
		{141DC1D7-2EB8-42FB-B9D7-79B60F657ACF}.Release|Any CPU.ActiveCfg = Release|Any CPU
		{141DC1D7-2EB8-42FB-B9D7-79B60F657ACF}.Release|Any CPU.Build.0 = Release|Any CPU
		{141DC1D7-2EB8-42FB-B9D7-79B60F657ACF}.Release|ARM.ActiveCfg = Release|Any CPU
		{141DC1D7-2EB8-42FB-B9D7-79B60F657ACF}.Release|ARM.Build.0 = Release|Any CPU
		{141DC1D7-2EB8-42FB-B9D7-79B60F657ACF}.Release|iPhone.ActiveCfg = Release|Any CPU
		{141DC1D7-2EB8-42FB-B9D7-79B60F657ACF}.Release|iPhone.Build.0 = Release|Any CPU
		{141DC1D7-2EB8-42FB-B9D7-79B60F657ACF}.Release|iPhoneSimulator.ActiveCfg = Release|Any CPU
		{141DC1D7-2EB8-42FB-B9D7-79B60F657ACF}.Release|iPhoneSimulator.Build.0 = Release|Any CPU
		{141DC1D7-2EB8-42FB-B9D7-79B60F657ACF}.Release|x64.ActiveCfg = Release|Any CPU
		{141DC1D7-2EB8-42FB-B9D7-79B60F657ACF}.Release|x64.Build.0 = Release|Any CPU
		{141DC1D7-2EB8-42FB-B9D7-79B60F657ACF}.Release|x86.ActiveCfg = Release|Any CPU
		{141DC1D7-2EB8-42FB-B9D7-79B60F657ACF}.Release|x86.Build.0 = Release|Any CPU
		{63F3AD35-00E9-4579-B61E-2E17FD4EDC8F}.Ad-Hoc|Any CPU.ActiveCfg = Release|Any CPU
		{63F3AD35-00E9-4579-B61E-2E17FD4EDC8F}.Ad-Hoc|Any CPU.Build.0 = Release|Any CPU
		{63F3AD35-00E9-4579-B61E-2E17FD4EDC8F}.Ad-Hoc|Any CPU.Deploy.0 = Release|Any CPU
		{63F3AD35-00E9-4579-B61E-2E17FD4EDC8F}.Ad-Hoc|ARM.ActiveCfg = Debug|Any CPU
		{63F3AD35-00E9-4579-B61E-2E17FD4EDC8F}.Ad-Hoc|ARM.Build.0 = Debug|Any CPU
		{63F3AD35-00E9-4579-B61E-2E17FD4EDC8F}.Ad-Hoc|ARM.Deploy.0 = Debug|Any CPU
		{63F3AD35-00E9-4579-B61E-2E17FD4EDC8F}.Ad-Hoc|iPhone.ActiveCfg = Release|Any CPU
		{63F3AD35-00E9-4579-B61E-2E17FD4EDC8F}.Ad-Hoc|iPhone.Build.0 = Release|Any CPU
		{63F3AD35-00E9-4579-B61E-2E17FD4EDC8F}.Ad-Hoc|iPhone.Deploy.0 = Release|Any CPU
		{63F3AD35-00E9-4579-B61E-2E17FD4EDC8F}.Ad-Hoc|iPhoneSimulator.ActiveCfg = Release|Any CPU
		{63F3AD35-00E9-4579-B61E-2E17FD4EDC8F}.Ad-Hoc|iPhoneSimulator.Build.0 = Release|Any CPU
		{63F3AD35-00E9-4579-B61E-2E17FD4EDC8F}.Ad-Hoc|iPhoneSimulator.Deploy.0 = Release|Any CPU
		{63F3AD35-00E9-4579-B61E-2E17FD4EDC8F}.Ad-Hoc|x64.ActiveCfg = Debug|Any CPU
		{63F3AD35-00E9-4579-B61E-2E17FD4EDC8F}.Ad-Hoc|x64.Build.0 = Debug|Any CPU
		{63F3AD35-00E9-4579-B61E-2E17FD4EDC8F}.Ad-Hoc|x64.Deploy.0 = Debug|Any CPU
		{63F3AD35-00E9-4579-B61E-2E17FD4EDC8F}.Ad-Hoc|x86.ActiveCfg = Debug|Any CPU
		{63F3AD35-00E9-4579-B61E-2E17FD4EDC8F}.Ad-Hoc|x86.Build.0 = Debug|Any CPU
		{63F3AD35-00E9-4579-B61E-2E17FD4EDC8F}.Ad-Hoc|x86.Deploy.0 = Debug|Any CPU
		{63F3AD35-00E9-4579-B61E-2E17FD4EDC8F}.AppStore|Any CPU.ActiveCfg = Release|Any CPU
		{63F3AD35-00E9-4579-B61E-2E17FD4EDC8F}.AppStore|Any CPU.Build.0 = Release|Any CPU
		{63F3AD35-00E9-4579-B61E-2E17FD4EDC8F}.AppStore|Any CPU.Deploy.0 = Release|Any CPU
		{63F3AD35-00E9-4579-B61E-2E17FD4EDC8F}.AppStore|ARM.ActiveCfg = Debug|Any CPU
		{63F3AD35-00E9-4579-B61E-2E17FD4EDC8F}.AppStore|ARM.Build.0 = Debug|Any CPU
		{63F3AD35-00E9-4579-B61E-2E17FD4EDC8F}.AppStore|ARM.Deploy.0 = Debug|Any CPU
		{63F3AD35-00E9-4579-B61E-2E17FD4EDC8F}.AppStore|iPhone.ActiveCfg = Release|Any CPU
		{63F3AD35-00E9-4579-B61E-2E17FD4EDC8F}.AppStore|iPhone.Build.0 = Release|Any CPU
		{63F3AD35-00E9-4579-B61E-2E17FD4EDC8F}.AppStore|iPhone.Deploy.0 = Release|Any CPU
		{63F3AD35-00E9-4579-B61E-2E17FD4EDC8F}.AppStore|iPhoneSimulator.ActiveCfg = Release|Any CPU
		{63F3AD35-00E9-4579-B61E-2E17FD4EDC8F}.AppStore|iPhoneSimulator.Build.0 = Release|Any CPU
		{63F3AD35-00E9-4579-B61E-2E17FD4EDC8F}.AppStore|iPhoneSimulator.Deploy.0 = Release|Any CPU
		{63F3AD35-00E9-4579-B61E-2E17FD4EDC8F}.AppStore|x64.ActiveCfg = Debug|Any CPU
		{63F3AD35-00E9-4579-B61E-2E17FD4EDC8F}.AppStore|x64.Build.0 = Debug|Any CPU
		{63F3AD35-00E9-4579-B61E-2E17FD4EDC8F}.AppStore|x64.Deploy.0 = Debug|Any CPU
		{63F3AD35-00E9-4579-B61E-2E17FD4EDC8F}.AppStore|x86.ActiveCfg = Debug|Any CPU
		{63F3AD35-00E9-4579-B61E-2E17FD4EDC8F}.AppStore|x86.Build.0 = Debug|Any CPU
		{63F3AD35-00E9-4579-B61E-2E17FD4EDC8F}.AppStore|x86.Deploy.0 = Debug|Any CPU
		{63F3AD35-00E9-4579-B61E-2E17FD4EDC8F}.Debug|Any CPU.ActiveCfg = Debug|Any CPU
		{63F3AD35-00E9-4579-B61E-2E17FD4EDC8F}.Debug|Any CPU.Build.0 = Debug|Any CPU
		{63F3AD35-00E9-4579-B61E-2E17FD4EDC8F}.Debug|Any CPU.Deploy.0 = Debug|Any CPU
		{63F3AD35-00E9-4579-B61E-2E17FD4EDC8F}.Debug|ARM.ActiveCfg = Debug|Any CPU
		{63F3AD35-00E9-4579-B61E-2E17FD4EDC8F}.Debug|ARM.Build.0 = Debug|Any CPU
		{63F3AD35-00E9-4579-B61E-2E17FD4EDC8F}.Debug|ARM.Deploy.0 = Debug|Any CPU
		{63F3AD35-00E9-4579-B61E-2E17FD4EDC8F}.Debug|iPhone.ActiveCfg = Debug|Any CPU
		{63F3AD35-00E9-4579-B61E-2E17FD4EDC8F}.Debug|iPhone.Build.0 = Debug|Any CPU
		{63F3AD35-00E9-4579-B61E-2E17FD4EDC8F}.Debug|iPhone.Deploy.0 = Debug|Any CPU
		{63F3AD35-00E9-4579-B61E-2E17FD4EDC8F}.Debug|iPhoneSimulator.ActiveCfg = Debug|Any CPU
		{63F3AD35-00E9-4579-B61E-2E17FD4EDC8F}.Debug|iPhoneSimulator.Build.0 = Debug|Any CPU
		{63F3AD35-00E9-4579-B61E-2E17FD4EDC8F}.Debug|iPhoneSimulator.Deploy.0 = Debug|Any CPU
		{63F3AD35-00E9-4579-B61E-2E17FD4EDC8F}.Debug|x64.ActiveCfg = Debug|Any CPU
		{63F3AD35-00E9-4579-B61E-2E17FD4EDC8F}.Debug|x64.Build.0 = Debug|Any CPU
		{63F3AD35-00E9-4579-B61E-2E17FD4EDC8F}.Debug|x64.Deploy.0 = Debug|Any CPU
		{63F3AD35-00E9-4579-B61E-2E17FD4EDC8F}.Debug|x86.ActiveCfg = Debug|Any CPU
		{63F3AD35-00E9-4579-B61E-2E17FD4EDC8F}.Debug|x86.Build.0 = Debug|Any CPU
		{63F3AD35-00E9-4579-B61E-2E17FD4EDC8F}.Debug|x86.Deploy.0 = Debug|Any CPU
		{63F3AD35-00E9-4579-B61E-2E17FD4EDC8F}.Release|Any CPU.ActiveCfg = Release|Any CPU
		{63F3AD35-00E9-4579-B61E-2E17FD4EDC8F}.Release|Any CPU.Build.0 = Release|Any CPU
		{63F3AD35-00E9-4579-B61E-2E17FD4EDC8F}.Release|Any CPU.Deploy.0 = Release|Any CPU
		{63F3AD35-00E9-4579-B61E-2E17FD4EDC8F}.Release|ARM.ActiveCfg = Release|Any CPU
		{63F3AD35-00E9-4579-B61E-2E17FD4EDC8F}.Release|ARM.Build.0 = Release|Any CPU
		{63F3AD35-00E9-4579-B61E-2E17FD4EDC8F}.Release|ARM.Deploy.0 = Release|Any CPU
		{63F3AD35-00E9-4579-B61E-2E17FD4EDC8F}.Release|iPhone.ActiveCfg = Release|Any CPU
		{63F3AD35-00E9-4579-B61E-2E17FD4EDC8F}.Release|iPhone.Build.0 = Release|Any CPU
		{63F3AD35-00E9-4579-B61E-2E17FD4EDC8F}.Release|iPhone.Deploy.0 = Release|Any CPU
		{63F3AD35-00E9-4579-B61E-2E17FD4EDC8F}.Release|iPhoneSimulator.ActiveCfg = Release|Any CPU
		{63F3AD35-00E9-4579-B61E-2E17FD4EDC8F}.Release|iPhoneSimulator.Build.0 = Release|Any CPU
		{63F3AD35-00E9-4579-B61E-2E17FD4EDC8F}.Release|iPhoneSimulator.Deploy.0 = Release|Any CPU
		{63F3AD35-00E9-4579-B61E-2E17FD4EDC8F}.Release|x64.ActiveCfg = Release|Any CPU
		{63F3AD35-00E9-4579-B61E-2E17FD4EDC8F}.Release|x64.Build.0 = Release|Any CPU
		{63F3AD35-00E9-4579-B61E-2E17FD4EDC8F}.Release|x64.Deploy.0 = Release|Any CPU
		{63F3AD35-00E9-4579-B61E-2E17FD4EDC8F}.Release|x86.ActiveCfg = Release|Any CPU
		{63F3AD35-00E9-4579-B61E-2E17FD4EDC8F}.Release|x86.Build.0 = Release|Any CPU
		{63F3AD35-00E9-4579-B61E-2E17FD4EDC8F}.Release|x86.Deploy.0 = Release|Any CPU
		{CA672FA2-9300-47F6-B231-24C524A02C09}.Ad-Hoc|Any CPU.ActiveCfg = Release|Any CPU
		{CA672FA2-9300-47F6-B231-24C524A02C09}.Ad-Hoc|Any CPU.Build.0 = Release|Any CPU
		{CA672FA2-9300-47F6-B231-24C524A02C09}.Ad-Hoc|Any CPU.Deploy.0 = Release|Any CPU
		{CA672FA2-9300-47F6-B231-24C524A02C09}.Ad-Hoc|ARM.ActiveCfg = Release|Any CPU
		{CA672FA2-9300-47F6-B231-24C524A02C09}.Ad-Hoc|ARM.Build.0 = Release|Any CPU
		{CA672FA2-9300-47F6-B231-24C524A02C09}.Ad-Hoc|ARM.Deploy.0 = Release|Any CPU
		{CA672FA2-9300-47F6-B231-24C524A02C09}.Ad-Hoc|iPhone.ActiveCfg = Release|Any CPU
		{CA672FA2-9300-47F6-B231-24C524A02C09}.Ad-Hoc|iPhone.Build.0 = Release|Any CPU
		{CA672FA2-9300-47F6-B231-24C524A02C09}.Ad-Hoc|iPhone.Deploy.0 = Release|Any CPU
		{CA672FA2-9300-47F6-B231-24C524A02C09}.Ad-Hoc|iPhoneSimulator.ActiveCfg = Release|Any CPU
		{CA672FA2-9300-47F6-B231-24C524A02C09}.Ad-Hoc|iPhoneSimulator.Build.0 = Release|Any CPU
		{CA672FA2-9300-47F6-B231-24C524A02C09}.Ad-Hoc|iPhoneSimulator.Deploy.0 = Release|Any CPU
		{CA672FA2-9300-47F6-B231-24C524A02C09}.Ad-Hoc|x64.ActiveCfg = Release|Any CPU
		{CA672FA2-9300-47F6-B231-24C524A02C09}.Ad-Hoc|x64.Build.0 = Release|Any CPU
		{CA672FA2-9300-47F6-B231-24C524A02C09}.Ad-Hoc|x64.Deploy.0 = Release|Any CPU
		{CA672FA2-9300-47F6-B231-24C524A02C09}.Ad-Hoc|x86.ActiveCfg = Release|Any CPU
		{CA672FA2-9300-47F6-B231-24C524A02C09}.Ad-Hoc|x86.Build.0 = Release|Any CPU
		{CA672FA2-9300-47F6-B231-24C524A02C09}.Ad-Hoc|x86.Deploy.0 = Release|Any CPU
		{CA672FA2-9300-47F6-B231-24C524A02C09}.AppStore|Any CPU.ActiveCfg = Release|Any CPU
		{CA672FA2-9300-47F6-B231-24C524A02C09}.AppStore|Any CPU.Build.0 = Release|Any CPU
		{CA672FA2-9300-47F6-B231-24C524A02C09}.AppStore|Any CPU.Deploy.0 = Release|Any CPU
		{CA672FA2-9300-47F6-B231-24C524A02C09}.AppStore|ARM.ActiveCfg = Release|Any CPU
		{CA672FA2-9300-47F6-B231-24C524A02C09}.AppStore|ARM.Build.0 = Release|Any CPU
		{CA672FA2-9300-47F6-B231-24C524A02C09}.AppStore|ARM.Deploy.0 = Release|Any CPU
		{CA672FA2-9300-47F6-B231-24C524A02C09}.AppStore|iPhone.ActiveCfg = Release|Any CPU
		{CA672FA2-9300-47F6-B231-24C524A02C09}.AppStore|iPhone.Build.0 = Release|Any CPU
		{CA672FA2-9300-47F6-B231-24C524A02C09}.AppStore|iPhone.Deploy.0 = Release|Any CPU
		{CA672FA2-9300-47F6-B231-24C524A02C09}.AppStore|iPhoneSimulator.ActiveCfg = Release|Any CPU
		{CA672FA2-9300-47F6-B231-24C524A02C09}.AppStore|iPhoneSimulator.Build.0 = Release|Any CPU
		{CA672FA2-9300-47F6-B231-24C524A02C09}.AppStore|iPhoneSimulator.Deploy.0 = Release|Any CPU
		{CA672FA2-9300-47F6-B231-24C524A02C09}.AppStore|x64.ActiveCfg = Release|Any CPU
		{CA672FA2-9300-47F6-B231-24C524A02C09}.AppStore|x64.Build.0 = Release|Any CPU
		{CA672FA2-9300-47F6-B231-24C524A02C09}.AppStore|x64.Deploy.0 = Release|Any CPU
		{CA672FA2-9300-47F6-B231-24C524A02C09}.AppStore|x86.ActiveCfg = Release|Any CPU
		{CA672FA2-9300-47F6-B231-24C524A02C09}.AppStore|x86.Build.0 = Release|Any CPU
		{CA672FA2-9300-47F6-B231-24C524A02C09}.AppStore|x86.Deploy.0 = Release|Any CPU
		{CA672FA2-9300-47F6-B231-24C524A02C09}.Debug|Any CPU.ActiveCfg = Debug|Any CPU
		{CA672FA2-9300-47F6-B231-24C524A02C09}.Debug|Any CPU.Build.0 = Debug|Any CPU
		{CA672FA2-9300-47F6-B231-24C524A02C09}.Debug|Any CPU.Deploy.0 = Debug|Any CPU
		{CA672FA2-9300-47F6-B231-24C524A02C09}.Debug|ARM.ActiveCfg = Debug|Any CPU
		{CA672FA2-9300-47F6-B231-24C524A02C09}.Debug|ARM.Build.0 = Debug|Any CPU
		{CA672FA2-9300-47F6-B231-24C524A02C09}.Debug|ARM.Deploy.0 = Debug|Any CPU
		{CA672FA2-9300-47F6-B231-24C524A02C09}.Debug|iPhone.ActiveCfg = Debug|Any CPU
		{CA672FA2-9300-47F6-B231-24C524A02C09}.Debug|iPhone.Build.0 = Debug|Any CPU
		{CA672FA2-9300-47F6-B231-24C524A02C09}.Debug|iPhone.Deploy.0 = Debug|Any CPU
		{CA672FA2-9300-47F6-B231-24C524A02C09}.Debug|iPhoneSimulator.ActiveCfg = Debug|Any CPU
		{CA672FA2-9300-47F6-B231-24C524A02C09}.Debug|iPhoneSimulator.Build.0 = Debug|Any CPU
		{CA672FA2-9300-47F6-B231-24C524A02C09}.Debug|iPhoneSimulator.Deploy.0 = Debug|Any CPU
		{CA672FA2-9300-47F6-B231-24C524A02C09}.Debug|x64.ActiveCfg = Debug|Any CPU
		{CA672FA2-9300-47F6-B231-24C524A02C09}.Debug|x64.Build.0 = Debug|Any CPU
		{CA672FA2-9300-47F6-B231-24C524A02C09}.Debug|x64.Deploy.0 = Debug|Any CPU
		{CA672FA2-9300-47F6-B231-24C524A02C09}.Debug|x86.ActiveCfg = Debug|Any CPU
		{CA672FA2-9300-47F6-B231-24C524A02C09}.Debug|x86.Build.0 = Debug|Any CPU
		{CA672FA2-9300-47F6-B231-24C524A02C09}.Debug|x86.Deploy.0 = Debug|Any CPU
		{CA672FA2-9300-47F6-B231-24C524A02C09}.Release|Any CPU.ActiveCfg = Release|Any CPU
		{CA672FA2-9300-47F6-B231-24C524A02C09}.Release|Any CPU.Build.0 = Release|Any CPU
		{CA672FA2-9300-47F6-B231-24C524A02C09}.Release|Any CPU.Deploy.0 = Release|Any CPU
		{CA672FA2-9300-47F6-B231-24C524A02C09}.Release|ARM.ActiveCfg = Release|Any CPU
		{CA672FA2-9300-47F6-B231-24C524A02C09}.Release|ARM.Build.0 = Release|Any CPU
		{CA672FA2-9300-47F6-B231-24C524A02C09}.Release|ARM.Deploy.0 = Release|Any CPU
		{CA672FA2-9300-47F6-B231-24C524A02C09}.Release|iPhone.ActiveCfg = Release|Any CPU
		{CA672FA2-9300-47F6-B231-24C524A02C09}.Release|iPhone.Build.0 = Release|Any CPU
		{CA672FA2-9300-47F6-B231-24C524A02C09}.Release|iPhone.Deploy.0 = Release|Any CPU
		{CA672FA2-9300-47F6-B231-24C524A02C09}.Release|iPhoneSimulator.ActiveCfg = Release|Any CPU
		{CA672FA2-9300-47F6-B231-24C524A02C09}.Release|iPhoneSimulator.Build.0 = Release|Any CPU
		{CA672FA2-9300-47F6-B231-24C524A02C09}.Release|iPhoneSimulator.Deploy.0 = Release|Any CPU
		{CA672FA2-9300-47F6-B231-24C524A02C09}.Release|x64.ActiveCfg = Release|Any CPU
		{CA672FA2-9300-47F6-B231-24C524A02C09}.Release|x64.Build.0 = Release|Any CPU
		{CA672FA2-9300-47F6-B231-24C524A02C09}.Release|x64.Deploy.0 = Release|Any CPU
		{CA672FA2-9300-47F6-B231-24C524A02C09}.Release|x86.ActiveCfg = Release|Any CPU
		{CA672FA2-9300-47F6-B231-24C524A02C09}.Release|x86.Build.0 = Release|Any CPU
		{CA672FA2-9300-47F6-B231-24C524A02C09}.Release|x86.Deploy.0 = Release|Any CPU
		{F5F2B556-C164-4EE6-A218-F1BD34753D3F}.Ad-Hoc|Any CPU.ActiveCfg = Release|Any CPU
		{F5F2B556-C164-4EE6-A218-F1BD34753D3F}.Ad-Hoc|Any CPU.Build.0 = Release|Any CPU
		{F5F2B556-C164-4EE6-A218-F1BD34753D3F}.Ad-Hoc|ARM.ActiveCfg = Release|Any CPU
		{F5F2B556-C164-4EE6-A218-F1BD34753D3F}.Ad-Hoc|ARM.Build.0 = Release|Any CPU
		{F5F2B556-C164-4EE6-A218-F1BD34753D3F}.Ad-Hoc|iPhone.ActiveCfg = Release|Any CPU
		{F5F2B556-C164-4EE6-A218-F1BD34753D3F}.Ad-Hoc|iPhone.Build.0 = Release|Any CPU
		{F5F2B556-C164-4EE6-A218-F1BD34753D3F}.Ad-Hoc|iPhoneSimulator.ActiveCfg = Release|Any CPU
		{F5F2B556-C164-4EE6-A218-F1BD34753D3F}.Ad-Hoc|iPhoneSimulator.Build.0 = Release|Any CPU
		{F5F2B556-C164-4EE6-A218-F1BD34753D3F}.Ad-Hoc|x64.ActiveCfg = Release|Any CPU
		{F5F2B556-C164-4EE6-A218-F1BD34753D3F}.Ad-Hoc|x64.Build.0 = Release|Any CPU
		{F5F2B556-C164-4EE6-A218-F1BD34753D3F}.Ad-Hoc|x86.ActiveCfg = Release|Any CPU
		{F5F2B556-C164-4EE6-A218-F1BD34753D3F}.Ad-Hoc|x86.Build.0 = Release|Any CPU
		{F5F2B556-C164-4EE6-A218-F1BD34753D3F}.AppStore|Any CPU.ActiveCfg = Release|Any CPU
		{F5F2B556-C164-4EE6-A218-F1BD34753D3F}.AppStore|Any CPU.Build.0 = Release|Any CPU
		{F5F2B556-C164-4EE6-A218-F1BD34753D3F}.AppStore|ARM.ActiveCfg = Release|Any CPU
		{F5F2B556-C164-4EE6-A218-F1BD34753D3F}.AppStore|ARM.Build.0 = Release|Any CPU
		{F5F2B556-C164-4EE6-A218-F1BD34753D3F}.AppStore|iPhone.ActiveCfg = Release|Any CPU
		{F5F2B556-C164-4EE6-A218-F1BD34753D3F}.AppStore|iPhone.Build.0 = Release|Any CPU
		{F5F2B556-C164-4EE6-A218-F1BD34753D3F}.AppStore|iPhoneSimulator.ActiveCfg = Release|Any CPU
		{F5F2B556-C164-4EE6-A218-F1BD34753D3F}.AppStore|iPhoneSimulator.Build.0 = Release|Any CPU
		{F5F2B556-C164-4EE6-A218-F1BD34753D3F}.AppStore|x64.ActiveCfg = Release|Any CPU
		{F5F2B556-C164-4EE6-A218-F1BD34753D3F}.AppStore|x64.Build.0 = Release|Any CPU
		{F5F2B556-C164-4EE6-A218-F1BD34753D3F}.AppStore|x86.ActiveCfg = Release|Any CPU
		{F5F2B556-C164-4EE6-A218-F1BD34753D3F}.AppStore|x86.Build.0 = Release|Any CPU
		{F5F2B556-C164-4EE6-A218-F1BD34753D3F}.Debug|Any CPU.ActiveCfg = Debug|Any CPU
		{F5F2B556-C164-4EE6-A218-F1BD34753D3F}.Debug|Any CPU.Build.0 = Debug|Any CPU
		{F5F2B556-C164-4EE6-A218-F1BD34753D3F}.Debug|ARM.ActiveCfg = Debug|Any CPU
		{F5F2B556-C164-4EE6-A218-F1BD34753D3F}.Debug|ARM.Build.0 = Debug|Any CPU
		{F5F2B556-C164-4EE6-A218-F1BD34753D3F}.Debug|iPhone.ActiveCfg = Debug|Any CPU
		{F5F2B556-C164-4EE6-A218-F1BD34753D3F}.Debug|iPhone.Build.0 = Debug|Any CPU
		{F5F2B556-C164-4EE6-A218-F1BD34753D3F}.Debug|iPhoneSimulator.ActiveCfg = Debug|Any CPU
		{F5F2B556-C164-4EE6-A218-F1BD34753D3F}.Debug|iPhoneSimulator.Build.0 = Debug|Any CPU
		{F5F2B556-C164-4EE6-A218-F1BD34753D3F}.Debug|x64.ActiveCfg = Debug|Any CPU
		{F5F2B556-C164-4EE6-A218-F1BD34753D3F}.Debug|x64.Build.0 = Debug|Any CPU
		{F5F2B556-C164-4EE6-A218-F1BD34753D3F}.Debug|x86.ActiveCfg = Debug|Any CPU
		{F5F2B556-C164-4EE6-A218-F1BD34753D3F}.Debug|x86.Build.0 = Debug|Any CPU
		{F5F2B556-C164-4EE6-A218-F1BD34753D3F}.Release|Any CPU.ActiveCfg = Release|Any CPU
		{F5F2B556-C164-4EE6-A218-F1BD34753D3F}.Release|Any CPU.Build.0 = Release|Any CPU
		{F5F2B556-C164-4EE6-A218-F1BD34753D3F}.Release|ARM.ActiveCfg = Release|Any CPU
		{F5F2B556-C164-4EE6-A218-F1BD34753D3F}.Release|ARM.Build.0 = Release|Any CPU
		{F5F2B556-C164-4EE6-A218-F1BD34753D3F}.Release|iPhone.ActiveCfg = Release|Any CPU
		{F5F2B556-C164-4EE6-A218-F1BD34753D3F}.Release|iPhone.Build.0 = Release|Any CPU
		{F5F2B556-C164-4EE6-A218-F1BD34753D3F}.Release|iPhoneSimulator.ActiveCfg = Release|Any CPU
		{F5F2B556-C164-4EE6-A218-F1BD34753D3F}.Release|iPhoneSimulator.Build.0 = Release|Any CPU
		{F5F2B556-C164-4EE6-A218-F1BD34753D3F}.Release|x64.ActiveCfg = Release|Any CPU
		{F5F2B556-C164-4EE6-A218-F1BD34753D3F}.Release|x64.Build.0 = Release|Any CPU
		{F5F2B556-C164-4EE6-A218-F1BD34753D3F}.Release|x86.ActiveCfg = Release|Any CPU
		{F5F2B556-C164-4EE6-A218-F1BD34753D3F}.Release|x86.Build.0 = Release|Any CPU
	EndGlobalSection
	GlobalSection(SolutionProperties) = preSolution
		HideSolutionNode = FALSE
	EndGlobalSection
	GlobalSection(NestedProjects) = preSolution
		{4030E69B-8045-4474-9D51-4F112E660458} = {E3E863CF-617F-49C6-914A-8C7851C20825}
		{206FFEC4-760D-4268-8218-CFE81470493E} = {E3E863CF-617F-49C6-914A-8C7851C20825}
		{DECC51C6-6182-481E-AFCA-544ED833B5BE} = {E3E863CF-617F-49C6-914A-8C7851C20825}
		{E4B2290B-00B7-4DBA-BBB5-E2FCAD69129C} = {E3E863CF-617F-49C6-914A-8C7851C20825}
		{13116EA1-5DAF-48DF-A10A-D22142AD069B} = {E3E863CF-617F-49C6-914A-8C7851C20825}
		{141DC1D7-2EB8-42FB-B9D7-79B60F657ACF} = {E3E863CF-617F-49C6-914A-8C7851C20825}
		{63F3AD35-00E9-4579-B61E-2E17FD4EDC8F} = {0F26B60C-A939-4536-96E8-1A1DBE65EA16}
		{3B2D011E-E119-4295-B1DE-85BC916F5BE0} = {0F26B60C-A939-4536-96E8-1A1DBE65EA16}
		{5B1E5A0A-1709-4399-B67B-96F5407B649D} = {224CD28E-5A85-40DE-87F7-AD83ED76480F}
		{CA672FA2-9300-47F6-B231-24C524A02C09} = {224CD28E-5A85-40DE-87F7-AD83ED76480F}
		{F5F2B556-C164-4EE6-A218-F1BD34753D3F} = {224CD28E-5A85-40DE-87F7-AD83ED76480F}
	EndGlobalSection
EndGlobal
